{
  "version": 4,
  "terraform_version": "1.9.3",
  "serial": 199,
  "lineage": "dff01c50-4dcf-8204-599a-35f7d8863232",
  "outputs": {},
  "resources": [
    {
      "mode": "managed",
      "type": "ibm_is_floating_ip",
      "name": "fip1",
      "provider": "provider[\"registry.terraform.io/ibm-cloud/ibm\"]",
      "instances": [
        {
          "schema_version": 0,
          "attributes": {
            "access_tags": [],
            "address": "13.121.84.212",
            "crn": "crn:v1:bluemix:public:is:eu-es-2:a/9036c2487a7b4d928475d4d1ddc3731b::floating-ip:r050-2c8c359b-8dd2-477a-9851-d0cf02878010",
            "id": "r050-2c8c359b-8dd2-477a-9851-d0cf02878010",
            "name": "ha-proxi-external-fip1",
            "resource_controller_url": "https://cloud.ibm.com/vpc-ext/network/floatingIPs",
            "resource_crn": "crn:v1:bluemix:public:is:eu-es-2:a/9036c2487a7b4d928475d4d1ddc3731b::floating-ip:r050-2c8c359b-8dd2-477a-9851-d0cf02878010",
            "resource_group": "dea30e950af34bffab48a1f0e4b25d5c",
            "resource_group_name": "Default",
            "resource_name": "ha-proxi-external-fip1",
            "resource_status": "available",
            "status": "available",
            "tags": [],
            "target": "02x7-12839449-e543-4f49-8582-a79d14064dbb",
            "target_list": [
              {
                "crn": "",
                "deleted": [],
                "href": "https://eu-es.iaas.cloud.ibm.com/v1/instances/02x7_346a58aa-9fed-4ecb-bcf5-12ea8af163be/network_interfaces/02x7-12839449-e543-4f49-8582-a79d14064dbb",
                "id": "02x7-12839449-e543-4f49-8582-a79d14064dbb",
                "name": "ha-proxi-external-mad2-sn1",
                "primary_ip": [
                  {
                    "address": "10.243.0.4",
                    "href": "https://eu-es.iaas.cloud.ibm.com/v1/subnets/02x7-874839b0-f4e2-4bc7-b422-2f7c840c6fe1/reserved_ips/02x7-91b1887d-63e7-4149-924e-76a0cf82b724",
                    "name": "sufferer-earplugs-aerosol-coleslaw",
                    "reserved_ip": "02x7-91b1887d-63e7-4149-924e-76a0cf82b724",
                    "resource_type": "subnet_reserved_ip"
                  }
                ],
                "resource_type": "network_interface"
              }
            ],
            "timeouts": null,
            "zone": "eu-es-2"
          },
          "sensitive_attributes": [],
          "private": "eyJlMmJmYjczMC1lY2FhLTExZTYtOGY4OC0zNDM2M2JjN2M0YzAiOnsiY3JlYXRlIjo2MDAwMDAwMDAwMDAsImRlbGV0ZSI6NjAwMDAwMDAwMDAwfX0="
        }
      ]
    },
    {
      "mode": "managed",
      "type": "ibm_is_instance",
      "name": "ha-proxi-external-mad2-inst",
      "provider": "provider[\"registry.terraform.io/ibm-cloud/ibm\"]",
      "instances": [
        {
          "schema_version": 0,
          "attributes": {
            "access_tags": [],
            "action": null,
            "auto_delete_volume": null,
            "availability_policy_host_failure": "restart",
            "bandwidth": 4000,
            "boot_volume": [
              {
                "auto_delete_volume": true,
                "encryption": "",
                "iops": 3000,
                "name": "mayflower-leger-think-ethics",
                "profile": "general-purpose",
                "size": 100,
                "snapshot": "",
                "snapshot_crn": "",
                "tags": [],
                "volume_id": "r050-f92f4ece-31c9-4065-a536-7266af497e32"
              }
            ],
            "catalog_offering": [],
            "confidential_compute_mode": "disabled",
            "crn": "crn:v1:bluemix:public:is:eu-es-2:a/9036c2487a7b4d928475d4d1ddc3731b::instance:02x7_346a58aa-9fed-4ecb-bcf5-12ea8af163be",
            "dedicated_host": null,
            "dedicated_host_group": null,
            "default_trusted_profile_auto_link": null,
            "default_trusted_profile_target": null,
            "disks": [],
            "enable_secure_boot": false,
            "force_action": false,
            "force_recovery_time": null,
            "gpu": [],
            "id": "02x7_346a58aa-9fed-4ecb-bcf5-12ea8af163be",
            "image": "r050-19e869f7-3d76-4fd4-8f71-91595a7b44a8",
            "instance_template": null,
            "keys": [
              "r050-33c96355-874a-4ea3-8927-778576175d57"
            ],
            "lifecycle_reasons": [],
            "lifecycle_state": "stable",
            "memory": 8,
            "metadata_service": [
              {
                "enabled": false,
                "protocol": "http",
                "response_hop_limit": 1
              }
            ],
            "metadata_service_enabled": false,
            "name": "ha-proxi-external-mad2",
            "network_attachments": [],
            "network_interfaces": [],
            "numa_count": 1,
            "placement_group": null,
            "placement_target": [],
            "primary_network_attachment": [],
            "primary_network_interface": [
              {
                "allow_ip_spoofing": false,
                "id": "02x7-12839449-e543-4f49-8582-a79d14064dbb",
                "name": "ha-proxi-external-mad2-sn1",
                "port_speed": 3000,
                "primary_ip": [
                  {
                    "address": "10.243.0.4",
                    "auto_delete": true,
                    "href": "https://eu-es.iaas.cloud.ibm.com/v1/subnets/02x7-874839b0-f4e2-4bc7-b422-2f7c840c6fe1/reserved_ips/02x7-91b1887d-63e7-4149-924e-76a0cf82b724",
                    "name": "sufferer-earplugs-aerosol-coleslaw",
                    "reserved_ip": "02x7-91b1887d-63e7-4149-924e-76a0cf82b724",
                    "resource_type": "subnet_reserved_ip"
                  }
                ],
                "primary_ipv4_address": "10.243.0.4",
                "security_groups": [
                  "r050-d8e25572-ad62-4061-af86-660bba054366"
                ],
                "subnet": "02x7-874839b0-f4e2-4bc7-b422-2f7c840c6fe1"
              }
            ],
            "profile": "bx2-2x8",
            "reservation": [],
            "reservation_affinity": [
              {
                "policy": "disabled",
                "pool": []
              }
            ],
            "resource_controller_url": "https://cloud.ibm.com/vpc-ext/compute/vs",
            "resource_crn": "crn:v1:bluemix:public:is:eu-es-2:a/9036c2487a7b4d928475d4d1ddc3731b::instance:02x7_346a58aa-9fed-4ecb-bcf5-12ea8af163be",
            "resource_group": "0bc64ea5a2d54929946007fa8fdfe4f3",
            "resource_group_name": "rg-poc-2",
            "resource_name": "ha-proxi-external-mad2",
            "resource_status": "running",
            "status": "running",
            "status_reasons": [],
            "tags": [],
            "timeouts": null,
            "total_network_bandwidth": 3000,
            "total_volume_bandwidth": 1000,
            "user_data": null,
            "vcpu": [
              {
                "architecture": "amd64",
                "count": 2,
                "manufacturer": "intel"
              }
            ],
            "volume_attachments": [
              {
                "id": "02x7-f3bab290-2f71-4bd1-809d-6dc1018c75b5",
                "name": "karaoke-suction-mulled-uncurled",
                "volume_crn": "crn:v1:bluemix:public:is:eu-es-2:a/9036c2487a7b4d928475d4d1ddc3731b::volume:r050-f92f4ece-31c9-4065-a536-7266af497e32",
                "volume_id": "r050-f92f4ece-31c9-4065-a536-7266af497e32",
                "volume_name": "mayflower-leger-think-ethics"
              }
            ],
            "volumes": null,
            "vpc": "r050-aac12b3d-7f6d-4e1f-ae6a-5ab019f2eafe",
            "wait_before_delete": true,
            "zone": "eu-es-2"
          },
          "sensitive_attributes": [],
          "private": "eyJlMmJmYjczMC1lY2FhLTExZTYtOGY4OC0zNDM2M2JjN2M0YzAiOnsiY3JlYXRlIjoxODAwMDAwMDAwMDAwLCJkZWxldGUiOjE4MDAwMDAwMDAwMDAsInVwZGF0ZSI6MTgwMDAwMDAwMDAwMH19",
          "dependencies": [
            "ibm_is_security_group.security_group_inst",
            "ibm_is_ssh_key.sshpubkey",
            "ibm_is_subnet.subnet1",
            "ibm_is_vpc.vpc",
            "ibm_is_vpc_address_prefix.ip_prefix1",
            "ibm_resource_group.rg"
          ]
        }
      ]
    },
    {
      "mode": "managed",
      "type": "ibm_is_instance_network_interface_floating_ip",
      "name": "ha-proxi-external-mad2-inst-float",
      "provider": "provider[\"registry.terraform.io/ibm-cloud/ibm\"]",
      "instances": [
        {
          "schema_version": 0,
          "attributes": {
            "address": "13.121.84.212",
            "crn": "crn:v1:bluemix:public:is:eu-es-2:a/9036c2487a7b4d928475d4d1ddc3731b::floating-ip:r050-2c8c359b-8dd2-477a-9851-d0cf02878010",
            "floating_ip": "r050-2c8c359b-8dd2-477a-9851-d0cf02878010",
            "id": "02x7_346a58aa-9fed-4ecb-bcf5-12ea8af163be/02x7-12839449-e543-4f49-8582-a79d14064dbb/r050-2c8c359b-8dd2-477a-9851-d0cf02878010",
            "instance": "02x7_346a58aa-9fed-4ecb-bcf5-12ea8af163be",
            "name": "ha-proxi-external-fip1",
            "network_interface": "02x7-12839449-e543-4f49-8582-a79d14064dbb",
            "status": "available",
            "target": "02x7-12839449-e543-4f49-8582-a79d14064dbb",
            "timeouts": null,
            "zone": "eu-es-2"
          },
          "sensitive_attributes": [],
          "private": "eyJlMmJmYjczMC1lY2FhLTExZTYtOGY4OC0zNDM2M2JjN2M0YzAiOnsiY3JlYXRlIjo2MDAwMDAwMDAwMDAsImRlbGV0ZSI6NjAwMDAwMDAwMDAwLCJ1cGRhdGUiOjYwMDAwMDAwMDAwMH19",
          "dependencies": [
            "ibm_is_floating_ip.fip1",
            "ibm_is_instance.ha-proxi-external-mad2-inst",
            "ibm_is_security_group.security_group_inst",
            "ibm_is_ssh_key.sshpubkey",
            "ibm_is_subnet.subnet1",
            "ibm_is_vpc.vpc",
            "ibm_is_vpc_address_prefix.ip_prefix1",
            "ibm_resource_group.rg"
          ]
        }
      ]
    },
    {
      "mode": "managed",
      "type": "ibm_is_security_group",
      "name": "security_group_inst",
      "provider": "provider[\"registry.terraform.io/ibm-cloud/ibm\"]",
      "instances": [
        {
          "schema_version": 0,
          "attributes": {
            "access_tags": [],
            "crn": "crn:v1:bluemix:public:is:eu-es:a/9036c2487a7b4d928475d4d1ddc3731b::security-group:r050-d8e25572-ad62-4061-af86-660bba054366",
            "id": "r050-d8e25572-ad62-4061-af86-660bba054366",
            "name": "sg-vpc-poc-es",
            "resource_controller_url": "https://cloud.ibm.com/vpc-ext/network/securityGroups",
            "resource_crn": "crn:v1:bluemix:public:is:eu-es:a/9036c2487a7b4d928475d4d1ddc3731b::security-group:r050-d8e25572-ad62-4061-af86-660bba054366",
            "resource_group": "0bc64ea5a2d54929946007fa8fdfe4f3",
            "resource_group_name": "rg-poc-2",
            "resource_name": "sg-vpc-poc-es",
            "rules": [
              {
                "code": 0,
                "direction": "inbound",
                "ip_version": "ipv4",
                "local": "0.0.0.0/0",
                "port_max": 80,
                "port_min": 80,
                "protocol": "tcp",
                "remote": "0.0.0.0/0",
                "type": 0
              }
            ],
            "tags": [],
            "timeouts": null,
            "vpc": "r050-aac12b3d-7f6d-4e1f-ae6a-5ab019f2eafe"
          },
          "sensitive_attributes": [],
          "private": "eyJlMmJmYjczMC1lY2FhLTExZTYtOGY4OC0zNDM2M2JjN2M0YzAiOnsiY3JlYXRlIjo2MDAwMDAwMDAwMDAsImRlbGV0ZSI6NjAwMDAwMDAwMDAwfX0=",
          "dependencies": [
            "ibm_is_vpc.vpc",
            "ibm_resource_group.rg"
          ]
        }
      ]
    },
    {
      "mode": "managed",
      "type": "ibm_is_security_group_rule",
      "name": "ibm_is_security_group_rule-inbound-http",
      "provider": "provider[\"registry.terraform.io/ibm-cloud/ibm\"]",
      "instances": [
        {
          "schema_version": 0,
          "attributes": {
            "direction": "inbound",
            "group": "r050-d8e25572-ad62-4061-af86-660bba054366",
            "icmp": [],
            "id": "r050-d8e25572-ad62-4061-af86-660bba054366.r050-a387cb4d-b806-4b41-9fb5-38c4e230b970",
            "ip_version": "ipv4",
            "local": "0.0.0.0/0",
            "protocol": "tcp",
            "related_crn": "crn:v1:bluemix:public:is:eu-es:a/9036c2487a7b4d928475d4d1ddc3731b::security-group:r050-d8e25572-ad62-4061-af86-660bba054366",
            "remote": "0.0.0.0/0",
            "rule_id": "r050-a387cb4d-b806-4b41-9fb5-38c4e230b970",
            "tcp": [
              {
                "port_max": 80,
                "port_min": 80
              }
            ],
            "udp": []
          },
          "sensitive_attributes": [],
          "private": "bnVsbA==",
          "dependencies": [
            "ibm_is_security_group.security_group_inst",
            "ibm_is_vpc.vpc",
            "ibm_resource_group.rg"
          ]
        }
      ]
    },
    {
      "mode": "managed",
      "type": "ibm_is_security_group_rule",
      "name": "ibm_is_security_group_rule-inbound-https",
      "provider": "provider[\"registry.terraform.io/ibm-cloud/ibm\"]",
      "instances": [
        {
          "schema_version": 0,
          "attributes": {
            "direction": "inbound",
            "group": "r050-d8e25572-ad62-4061-af86-660bba054366",
            "icmp": [],
            "id": "r050-d8e25572-ad62-4061-af86-660bba054366.r050-e8711084-899b-4a78-9f4b-49680a30949f",
            "ip_version": "ipv4",
            "local": "0.0.0.0/0",
            "protocol": "tcp",
            "related_crn": "crn:v1:bluemix:public:is:eu-es:a/9036c2487a7b4d928475d4d1ddc3731b::security-group:r050-d8e25572-ad62-4061-af86-660bba054366",
            "remote": "0.0.0.0/0",
            "rule_id": "r050-e8711084-899b-4a78-9f4b-49680a30949f",
            "tcp": [
              {
                "port_max": 443,
                "port_min": 443
              }
            ],
            "udp": []
          },
          "sensitive_attributes": [],
          "private": "bnVsbA==",
          "dependencies": [
            "ibm_is_security_group.security_group_inst",
            "ibm_is_vpc.vpc",
            "ibm_resource_group.rg"
          ]
        }
      ]
    },
    {
      "mode": "managed",
      "type": "ibm_is_ssh_key",
      "name": "sshpubkey",
      "provider": "provider[\"registry.terraform.io/ibm-cloud/ibm\"]",
      "instances": [
        {
          "schema_version": 0,
          "attributes": {
            "access_tags": [],
            "crn": "crn:v1:bluemix:public:is:eu-es:a/9036c2487a7b4d928475d4d1ddc3731b::key:r050-33c96355-874a-4ea3-8927-778576175d57",
            "fingerprint": "SHA256:XGnYvndP6jXyofo7h1D4+DH6eESaFHSDB28DGKiJj70",
            "id": "r050-33c96355-874a-4ea3-8927-778576175d57",
            "length": 4096,
            "name": "userpubsshkeyname",
            "public_key": "ssh-rsa AAAAB3NzaC1yc2EAAAADAQABAAABgQC6IUtP8NOuHq18PYCil+bMaNCIu+Pkqc9uPgHVGj14TIN1FrVNUEOgazvLwK/3mKw3YPbdii8CXFcybSIVrvorPJyKrtEWoDo6pUGCWaC7/8EshzifpZ+y0Ds5qpnlJZwpzbju1GWS3kbSSmEcfczJl0LvMpNVGQugF8oVyju5eHiF/DEWCAvFsEX66KGa7iBsy7ggFptwW+Y0fqFVU6ROYWiwGr0bHMaYogrUKUMY7Yg3eWB7xuMRItwnKvmV6UpR+5tX6pNvjMKcXbBg65ExoegjcJCPndkBINC67KZo5aaigRcTDj/DI9K4ZrEoBeikDTKeU/1hxVSkeEv7XarVrGvGFFz9hs1ofOMm/JR04bMcoLn+JjpiCJQPX7eDnqx7ZGoh+PwNMC/kAIX9lZpIjXa839fVD9ar0xrwKo2zhODKjaKHTAjGjU2aIGzwGupFPOUNqr/39x6otO5XTfXk/KThTzgPi+PJ2qHVOoYNyRTf7cQlFFMlg4/F/qmxsJU=",
            "resource_controller_url": "https://cloud.ibm.com/vpc-ext/compute/sshKeys",
            "resource_crn": "crn:v1:bluemix:public:is:eu-es:a/9036c2487a7b4d928475d4d1ddc3731b::key:r050-33c96355-874a-4ea3-8927-778576175d57",
            "resource_group": "0bc64ea5a2d54929946007fa8fdfe4f3",
            "resource_group_name": "rg-poc-2",
            "resource_name": "userpubsshkeyname",
            "tags": [],
            "type": "rsa"
          },
          "sensitive_attributes": [],
          "private": "bnVsbA==",
          "dependencies": [
            "ibm_resource_group.rg"
          ]
        }
      ]
    },
    {
      "mode": "managed",
      "type": "ibm_is_subnet",
      "name": "subnet1",
      "provider": "provider[\"registry.terraform.io/ibm-cloud/ibm\"]",
      "instances": [
        {
          "schema_version": 0,
          "attributes": {
            "access_tags": [],
            "available_ipv4_address_count": 250,
            "crn": "crn:v1:bluemix:public:is:eu-es-2:a/9036c2487a7b4d928475d4d1ddc3731b::subnet:02x7-874839b0-f4e2-4bc7-b422-2f7c840c6fe1",
            "id": "02x7-874839b0-f4e2-4bc7-b422-2f7c840c6fe1",
            "ip_version": "ipv4",
            "ipv4_cidr_block": "10.243.0.0/24",
            "name": "subnet-1",
            "network_acl": "r050-6a689932-a856-4410-8f73-ed9fa93548f9",
            "public_gateway": "",
            "resource_controller_url": "https://cloud.ibm.com/vpc-ext/network/subnets",
            "resource_crn": "crn:v1:bluemix:public:is:eu-es-2:a/9036c2487a7b4d928475d4d1ddc3731b::subnet:02x7-874839b0-f4e2-4bc7-b422-2f7c840c6fe1",
            "resource_group": "dea30e950af34bffab48a1f0e4b25d5c",
            "resource_group_name": "Default",
            "resource_name": "subnet-1",
            "resource_status": "available",
            "routing_table": "r050-0184cd74-bcd9-4043-a5b9-689af77f5a62",
            "status": "available",
            "tags": [],
            "timeouts": null,
            "total_ipv4_address_count": 256,
            "vpc": "r050-aac12b3d-7f6d-4e1f-ae6a-5ab019f2eafe",
            "zone": "eu-es-2"
          },
          "sensitive_attributes": [],
          "private": "eyJlMmJmYjczMC1lY2FhLTExZTYtOGY4OC0zNDM2M2JjN2M0YzAiOnsiY3JlYXRlIjo2MDAwMDAwMDAwMDAsImRlbGV0ZSI6NjAwMDAwMDAwMDAwLCJ1cGRhdGUiOjYwMDAwMDAwMDAwMH19",
          "dependencies": [
            "ibm_is_vpc.vpc",
            "ibm_is_vpc_address_prefix.ip_prefix1",
            "ibm_resource_group.rg"
          ]
        }
      ]
    },
    {
      "mode": "managed",
      "type": "ibm_is_subnet",
      "name": "subnet2",
      "provider": "provider[\"registry.terraform.io/ibm-cloud/ibm\"]",
      "instances": [
        {
          "schema_version": 0,
          "attributes": {
            "access_tags": [],
            "available_ipv4_address_count": 251,
            "crn": "crn:v1:bluemix:public:is:eu-es-2:a/9036c2487a7b4d928475d4d1ddc3731b::subnet:02x7-d9cffc5c-cc82-4dd6-934f-eb2abe6f04db",
            "id": "02x7-d9cffc5c-cc82-4dd6-934f-eb2abe6f04db",
            "ip_version": "ipv4",
            "ipv4_cidr_block": "10.243.64.0/24",
            "name": "subnet-2",
            "network_acl": "r050-6a689932-a856-4410-8f73-ed9fa93548f9",
            "public_gateway": "",
            "resource_controller_url": "https://cloud.ibm.com/vpc-ext/network/subnets",
            "resource_crn": "crn:v1:bluemix:public:is:eu-es-2:a/9036c2487a7b4d928475d4d1ddc3731b::subnet:02x7-d9cffc5c-cc82-4dd6-934f-eb2abe6f04db",
            "resource_group": "dea30e950af34bffab48a1f0e4b25d5c",
            "resource_group_name": "Default",
            "resource_name": "subnet-2",
            "resource_status": "available",
            "routing_table": "r050-0184cd74-bcd9-4043-a5b9-689af77f5a62",
            "status": "available",
            "tags": [],
            "timeouts": null,
            "total_ipv4_address_count": 256,
            "vpc": "r050-aac12b3d-7f6d-4e1f-ae6a-5ab019f2eafe",
            "zone": "eu-es-2"
          },
          "sensitive_attributes": [],
          "private": "eyJlMmJmYjczMC1lY2FhLTExZTYtOGY4OC0zNDM2M2JjN2M0YzAiOnsiY3JlYXRlIjo2MDAwMDAwMDAwMDAsImRlbGV0ZSI6NjAwMDAwMDAwMDAwLCJ1cGRhdGUiOjYwMDAwMDAwMDAwMH19",
          "dependencies": [
            "ibm_is_vpc.vpc",
            "ibm_is_vpc_address_prefix.ip_prefix2",
            "ibm_resource_group.rg"
          ]
        }
      ]
    },
    {
      "mode": "managed",
      "type": "ibm_is_subnet",
      "name": "subnet3",
      "provider": "provider[\"registry.terraform.io/ibm-cloud/ibm\"]",
      "instances": [
        {
          "schema_version": 0,
          "attributes": {
            "access_tags": [],
            "available_ipv4_address_count": 251,
            "crn": "crn:v1:bluemix:public:is:eu-es-2:a/9036c2487a7b4d928475d4d1ddc3731b::subnet:02x7-1825a73b-171c-4abe-b93e-e366314c7e69",
            "id": "02x7-1825a73b-171c-4abe-b93e-e366314c7e69",
            "ip_version": "ipv4",
            "ipv4_cidr_block": "10.243.128.0/24",
            "name": "subnet-3",
            "network_acl": "r050-6a689932-a856-4410-8f73-ed9fa93548f9",
            "public_gateway": "",
            "resource_controller_url": "https://cloud.ibm.com/vpc-ext/network/subnets",
            "resource_crn": "crn:v1:bluemix:public:is:eu-es-2:a/9036c2487a7b4d928475d4d1ddc3731b::subnet:02x7-1825a73b-171c-4abe-b93e-e366314c7e69",
            "resource_group": "dea30e950af34bffab48a1f0e4b25d5c",
            "resource_group_name": "Default",
            "resource_name": "subnet-3",
            "resource_status": "available",
            "routing_table": "r050-0184cd74-bcd9-4043-a5b9-689af77f5a62",
            "status": "available",
            "tags": [],
            "timeouts": null,
            "total_ipv4_address_count": 256,
            "vpc": "r050-aac12b3d-7f6d-4e1f-ae6a-5ab019f2eafe",
            "zone": "eu-es-2"
          },
          "sensitive_attributes": [],
          "private": "eyJlMmJmYjczMC1lY2FhLTExZTYtOGY4OC0zNDM2M2JjN2M0YzAiOnsiY3JlYXRlIjo2MDAwMDAwMDAwMDAsImRlbGV0ZSI6NjAwMDAwMDAwMDAwLCJ1cGRhdGUiOjYwMDAwMDAwMDAwMH19",
          "dependencies": [
            "ibm_is_vpc.vpc",
            "ibm_is_vpc_address_prefix.ip_prefix3",
            "ibm_resource_group.rg"
          ]
        }
      ]
    },
    {
      "mode": "managed",
      "type": "ibm_is_vpc",
      "name": "vpc",
      "provider": "provider[\"registry.terraform.io/ibm-cloud/ibm\"]",
      "instances": [
        {
          "schema_version": 0,
          "attributes": {
            "access_tags": [],
            "address_prefix_management": "manual",
            "classic_access": false,
            "crn": "crn:v1:bluemix:public:is:eu-es:a/9036c2487a7b4d928475d4d1ddc3731b::vpc:r050-aac12b3d-7f6d-4e1f-ae6a-5ab019f2eafe",
            "cse_source_addresses": [
              {
                "address": "10.22.177.30",
                "zone_name": "eu-es-1"
              },
              {
                "address": "10.22.194.217",
                "zone_name": "eu-es-2"
              },
              {
                "address": "10.22.208.219",
                "zone_name": "eu-es-3"
              }
            ],
            "default_network_acl": "r050-6a689932-a856-4410-8f73-ed9fa93548f9",
            "default_network_acl_crn": "crn:v1:bluemix:public:is:eu-es:a/9036c2487a7b4d928475d4d1ddc3731b::network-acl:r050-6a689932-a856-4410-8f73-ed9fa93548f9",
            "default_network_acl_name": "delegate-landmark-payee-crowbars",
            "default_routing_table": "r050-0184cd74-bcd9-4043-a5b9-689af77f5a62",
            "default_routing_table_name": "spectrum-reflux-showoff-stoneware",
            "default_security_group": "r050-dcca56f4-8658-4b19-9c9d-9e9c6b81ae92",
            "default_security_group_crn": "crn:v1:bluemix:public:is:eu-es:a/9036c2487a7b4d928475d4d1ddc3731b::security-group:r050-dcca56f4-8658-4b19-9c9d-9e9c6b81ae92",
            "default_security_group_name": "unwitting-jitters-extent-caddie",
            "dns": [
              {
                "enable_hub": false,
                "resolution_binding_count": 0,
                "resolver": [
                  {
                    "configuration": "default",
                    "dns_binding_id": "",
                    "dns_binding_name": "",
                    "manual_servers": [],
                    "servers": [
                      {
                        "address": "161.26.0.10",
                        "zone_affinity": ""
                      },
                      {
                        "address": "161.26.0.11",
                        "zone_affinity": ""
                      }
                    ],
                    "type": "system",
                    "vpc_crn": "",
                    "vpc_id": "",
                    "vpc_name": "",
                    "vpc_remote_account_id": "",
                    "vpc_remote_region": ""
                  }
                ]
              }
            ],
            "health_reasons": [],
            "health_state": "ok",
            "id": "r050-aac12b3d-7f6d-4e1f-ae6a-5ab019f2eafe",
            "name": "vpc-poc-es",
            "no_sg_acl_rules": false,
            "resource_controller_url": "https://cloud.ibm.com/vpc-ext/network/vpcs",
            "resource_crn": "crn:v1:bluemix:public:is:eu-es:a/9036c2487a7b4d928475d4d1ddc3731b::vpc:r050-aac12b3d-7f6d-4e1f-ae6a-5ab019f2eafe",
            "resource_group": "0bc64ea5a2d54929946007fa8fdfe4f3",
            "resource_group_name": "rg-poc-2",
            "resource_name": "vpc-poc-es",
            "resource_status": "available",
            "security_group": [
              {
                "group_id": "r050-d8e25572-ad62-4061-af86-660bba054366",
                "group_name": "sg-vpc-poc-es",
                "rules": [
                  {
                    "code": 0,
                    "direction": "inbound",
                    "ip_version": "ipv4",
                    "port_max": 80,
                    "port_min": 80,
                    "protocol": "tcp",
                    "remote": "0.0.0.0/0",
                    "rule_id": "r050-a387cb4d-b806-4b41-9fb5-38c4e230b970",
                    "type": 0
                  }
                ]
              },
              {
                "group_id": "r050-dcca56f4-8658-4b19-9c9d-9e9c6b81ae92",
                "group_name": "unwitting-jitters-extent-caddie",
                "rules": [
                  {
                    "code": 0,
                    "direction": "outbound",
                    "ip_version": "ipv4",
                    "port_max": 0,
                    "port_min": 0,
                    "protocol": "all",
                    "remote": "0.0.0.0/0",
                    "rule_id": "r050-975d1b65-6d7d-49d1-824b-509ff563ea54",
                    "type": 0
                  },
                  {
                    "code": 0,
                    "direction": "inbound",
                    "ip_version": "ipv4",
                    "port_max": 0,
                    "port_min": 0,
                    "protocol": "all",
                    "remote": "r050-dcca56f4-8658-4b19-9c9d-9e9c6b81ae92",
                    "rule_id": "r050-cd66daba-2508-45a4-bb58-d3027daab7a8",
                    "type": 0
                  }
                ]
              }
            ],
            "status": "available",
            "subnets": [
              {
                "available_ipv4_address_count": 250,
                "id": "02x7-874839b0-f4e2-4bc7-b422-2f7c840c6fe1",
                "name": "subnet-1",
                "status": "available",
                "total_ipv4_address_count": 256,
                "zone": "eu-es-2"
              },
              {
                "available_ipv4_address_count": 251,
                "id": "02x7-1825a73b-171c-4abe-b93e-e366314c7e69",
                "name": "subnet-3",
                "status": "available",
                "total_ipv4_address_count": 256,
                "zone": "eu-es-2"
              },
              {
                "available_ipv4_address_count": 251,
                "id": "02x7-d9cffc5c-cc82-4dd6-934f-eb2abe6f04db",
                "name": "subnet-2",
                "status": "available",
                "total_ipv4_address_count": 256,
                "zone": "eu-es-2"
              }
            ],
            "tags": [],
            "timeouts": null
          },
          "sensitive_attributes": [],
          "private": "eyJlMmJmYjczMC1lY2FhLTExZTYtOGY4OC0zNDM2M2JjN2M0YzAiOnsiY3JlYXRlIjo2MDAwMDAwMDAwMDAsImRlbGV0ZSI6NjAwMDAwMDAwMDAwfX0=",
          "dependencies": [
            "ibm_resource_group.rg"
          ]
        }
      ]
    },
    {
      "mode": "managed",
      "type": "ibm_is_vpc_address_prefix",
      "name": "ip_prefix1",
      "provider": "provider[\"registry.terraform.io/ibm-cloud/ibm\"]",
      "instances": [
        {
          "schema_version": 0,
          "attributes": {
            "address_prefix": "r050-9899ef0b-e5b3-471b-b46f-e30b769e19e2",
            "cidr": "10.243.0.0/24",
            "has_subnets": true,
            "id": "r050-aac12b3d-7f6d-4e1f-ae6a-5ab019f2eafe/r050-9899ef0b-e5b3-471b-b46f-e30b769e19e2",
            "is_default": false,
            "name": "address-prefix-1",
            "related_crn": "crn:v1:bluemix:public:is:eu-es:a/9036c2487a7b4d928475d4d1ddc3731b::vpc:r050-aac12b3d-7f6d-4e1f-ae6a-5ab019f2eafe",
            "vpc": "r050-aac12b3d-7f6d-4e1f-ae6a-5ab019f2eafe",
            "zone": "eu-es-2"
          },
          "sensitive_attributes": [],
          "private": "bnVsbA==",
          "dependencies": [
            "ibm_is_vpc.vpc",
            "ibm_resource_group.rg"
          ]
        }
      ]
    },
    {
      "mode": "managed",
      "type": "ibm_is_vpc_address_prefix",
      "name": "ip_prefix2",
      "provider": "provider[\"registry.terraform.io/ibm-cloud/ibm\"]",
      "instances": [
        {
          "schema_version": 0,
          "attributes": {
            "address_prefix": "r050-6c93b744-504c-411a-aa60-b64b3f20656f",
            "cidr": "10.243.64.0/24",
            "has_subnets": true,
            "id": "r050-aac12b3d-7f6d-4e1f-ae6a-5ab019f2eafe/r050-6c93b744-504c-411a-aa60-b64b3f20656f",
            "is_default": false,
            "name": "address-prefix-2",
            "related_crn": "crn:v1:bluemix:public:is:eu-es:a/9036c2487a7b4d928475d4d1ddc3731b::vpc:r050-aac12b3d-7f6d-4e1f-ae6a-5ab019f2eafe",
            "vpc": "r050-aac12b3d-7f6d-4e1f-ae6a-5ab019f2eafe",
            "zone": "eu-es-2"
          },
          "sensitive_attributes": [],
          "private": "bnVsbA==",
          "dependencies": [
            "ibm_is_vpc.vpc",
            "ibm_resource_group.rg"
          ]
        }
      ]
    },
    {
      "mode": "managed",
      "type": "ibm_is_vpc_address_prefix",
      "name": "ip_prefix3",
      "provider": "provider[\"registry.terraform.io/ibm-cloud/ibm\"]",
      "instances": [
        {
          "schema_version": 0,
          "attributes": {
            "address_prefix": "r050-aac8d637-e946-4e2e-a79c-3e099917e695",
            "cidr": "10.243.128.0/24",
            "has_subnets": true,
            "id": "r050-aac12b3d-7f6d-4e1f-ae6a-5ab019f2eafe/r050-aac8d637-e946-4e2e-a79c-3e099917e695",
            "is_default": false,
            "name": "address-prefix-3",
            "related_crn": "crn:v1:bluemix:public:is:eu-es:a/9036c2487a7b4d928475d4d1ddc3731b::vpc:r050-aac12b3d-7f6d-4e1f-ae6a-5ab019f2eafe",
            "vpc": "r050-aac12b3d-7f6d-4e1f-ae6a-5ab019f2eafe",
            "zone": "eu-es-2"
          },
          "sensitive_attributes": [],
          "private": "bnVsbA==",
          "dependencies": [
            "ibm_is_vpc.vpc",
            "ibm_resource_group.rg"
          ]
        }
      ]
    },
    {
      "mode": "managed",
      "type": "ibm_resource_group",
      "name": "rg",
      "provider": "provider[\"registry.terraform.io/ibm-cloud/ibm\"]",
      "instances": [
        {
          "schema_version": 0,
          "attributes": {
            "created_at": "2024-10-22T19:33:41.977Z",
            "crn": "crn:v1:bluemix:public:resource-controller::a/9036c2487a7b4d928475d4d1ddc3731b::resource-group:0bc64ea5a2d54929946007fa8fdfe4f3",
            "default": false,
            "id": "0bc64ea5a2d54929946007fa8fdfe4f3",
            "name": "rg-poc-2",
            "payment_methods_url": null,
            "quota_id": "a3d7b8d01e261c24677937c29ab33f3c",
            "quota_url": "/v2/quota_definitions/a3d7b8d01e261c24677937c29ab33f3c",
            "resource_linkages": [],
            "state": "ACTIVE",
            "tags": null,
            "teams_url": null,
            "timeouts": null,
            "updated_at": "2024-10-22T19:33:41.977Z"
          },
          "sensitive_attributes": [],
          "private": "eyJlMmJmYjczMC1lY2FhLTExZTYtOGY4OC0zNDM2M2JjN2M0YzAiOnsiZGVsZXRlIjoxMjAwMDAwMDAwMDAwfX0="
        }
      ]
    }
  ],
  "check_results": null
}
