{
  "version": 4,
  "terraform_version": "1.9.3",
  "serial": 269,
  "lineage": "dff01c50-4dcf-8204-599a-35f7d8863232",
  "outputs": {},
  "resources": [
    {
      "mode": "managed",
      "type": "ibm_is_floating_ip",
      "name": "fip1",
      "provider": "provider[\"registry.terraform.io/ibm-cloud/ibm\"]",
      "instances": [
        {
          "schema_version": 0,
          "attributes": {
            "access_tags": [],
            "address": "13.121.95.76",
            "crn": "crn:v1:bluemix:public:is:eu-es-2:a/9036c2487a7b4d928475d4d1ddc3731b::floating-ip:r050-e2802937-9f58-4238-b9d0-92aa38a5c7d2",
            "id": "r050-e2802937-9f58-4238-b9d0-92aa38a5c7d2",
            "name": "ha-proxi-external-fip1",
            "resource_controller_url": "https://cloud.ibm.com/vpc-ext/network/floatingIPs",
            "resource_crn": "crn:v1:bluemix:public:is:eu-es-2:a/9036c2487a7b4d928475d4d1ddc3731b::floating-ip:r050-e2802937-9f58-4238-b9d0-92aa38a5c7d2",
            "resource_group": "dea30e950af34bffab48a1f0e4b25d5c",
            "resource_group_name": "Default",
            "resource_name": "ha-proxi-external-fip1",
            "resource_status": "available",
            "status": "available",
            "tags": [],
            "target": "02x7-b2553572-c630-4f2f-aea8-5168eabaa4bf",
            "target_list": [
              {
                "crn": "",
                "deleted": [],
                "href": "https://eu-es.iaas.cloud.ibm.com/v1/instances/02x7_a8f43083-2a76-4186-9ac8-3c0521d610fa/network_interfaces/02x7-b2553572-c630-4f2f-aea8-5168eabaa4bf",
                "id": "02x7-b2553572-c630-4f2f-aea8-5168eabaa4bf",
                "name": "ha-proxi-external-mad2-sn1",
                "primary_ip": [
                  {
                    "address": "10.243.0.4",
                    "href": "https://eu-es.iaas.cloud.ibm.com/v1/subnets/02x7-68f13aa9-851f-4d90-86fe-c9d690d218f7/reserved_ips/02x7-e578356d-6665-454e-abde-897b88418d5f",
                    "name": "barbell-mongoose-service-racoon",
                    "reserved_ip": "02x7-e578356d-6665-454e-abde-897b88418d5f",
                    "resource_type": "subnet_reserved_ip"
                  }
                ],
                "resource_type": "network_interface"
              }
            ],
            "timeouts": null,
            "zone": "eu-es-2"
          },
          "sensitive_attributes": [],
          "private": "eyJlMmJmYjczMC1lY2FhLTExZTYtOGY4OC0zNDM2M2JjN2M0YzAiOnsiY3JlYXRlIjo2MDAwMDAwMDAwMDAsImRlbGV0ZSI6NjAwMDAwMDAwMDAwfX0="
        }
      ]
    },
    {
      "mode": "managed",
      "type": "ibm_is_instance",
      "name": "ha-proxi-external-mad2-inst",
      "provider": "provider[\"registry.terraform.io/ibm-cloud/ibm\"]",
      "instances": [
        {
          "schema_version": 0,
          "attributes": {
            "access_tags": [],
            "action": null,
            "auto_delete_volume": null,
            "availability_policy_host_failure": "restart",
            "bandwidth": 4000,
            "boot_volume": [
              {
                "auto_delete_volume": true,
                "encryption": "",
                "iops": 3000,
                "name": "vault-previous-washbowl-landscape",
                "profile": "general-purpose",
                "size": 100,
                "snapshot": "",
                "snapshot_crn": "",
                "tags": [],
                "volume_id": "r050-3a6f7450-0080-4078-a2df-7c66c0afc8d4"
              }
            ],
            "catalog_offering": [],
            "confidential_compute_mode": "disabled",
            "crn": "crn:v1:bluemix:public:is:eu-es-2:a/9036c2487a7b4d928475d4d1ddc3731b::instance:02x7_a8f43083-2a76-4186-9ac8-3c0521d610fa",
            "dedicated_host": null,
            "dedicated_host_group": null,
            "default_trusted_profile_auto_link": null,
            "default_trusted_profile_target": null,
            "disks": [],
            "enable_secure_boot": false,
            "force_action": false,
            "force_recovery_time": null,
            "gpu": [],
            "id": "02x7_a8f43083-2a76-4186-9ac8-3c0521d610fa",
            "image": "r050-19e869f7-3d76-4fd4-8f71-91595a7b44a8",
            "instance_template": null,
            "keys": [
              "r050-de594eca-49d3-41be-9227-886f5eba683f"
            ],
            "lifecycle_reasons": [],
            "lifecycle_state": "stable",
            "memory": 8,
            "metadata_service": [
              {
                "enabled": false,
                "protocol": "http",
                "response_hop_limit": 1
              }
            ],
            "metadata_service_enabled": false,
            "name": "ha-proxi-external-mad2",
            "network_attachments": [],
            "network_interfaces": [],
            "numa_count": 1,
            "placement_group": null,
            "placement_target": [],
            "primary_network_attachment": [],
            "primary_network_interface": [
              {
                "allow_ip_spoofing": false,
                "id": "02x7-b2553572-c630-4f2f-aea8-5168eabaa4bf",
                "name": "ha-proxi-external-mad2-sn1",
                "port_speed": 3000,
                "primary_ip": [
                  {
                    "address": "10.243.0.4",
                    "auto_delete": true,
                    "href": "https://eu-es.iaas.cloud.ibm.com/v1/subnets/02x7-68f13aa9-851f-4d90-86fe-c9d690d218f7/reserved_ips/02x7-e578356d-6665-454e-abde-897b88418d5f",
                    "name": "barbell-mongoose-service-racoon",
                    "reserved_ip": "02x7-e578356d-6665-454e-abde-897b88418d5f",
                    "resource_type": "subnet_reserved_ip"
                  }
                ],
                "primary_ipv4_address": "10.243.0.4",
                "security_groups": [
                  "r050-326c28d0-317e-418d-9a00-384adf39204a"
                ],
                "subnet": "02x7-68f13aa9-851f-4d90-86fe-c9d690d218f7"
              }
            ],
            "profile": "bx2-2x8",
            "reservation": [],
            "reservation_affinity": [
              {
                "policy": "disabled",
                "pool": []
              }
            ],
            "resource_controller_url": "https://cloud.ibm.com/vpc-ext/compute/vs",
            "resource_crn": "crn:v1:bluemix:public:is:eu-es-2:a/9036c2487a7b4d928475d4d1ddc3731b::instance:02x7_a8f43083-2a76-4186-9ac8-3c0521d610fa",
            "resource_group": "37b4de5ef0414df58c21e17525edaa58",
            "resource_group_name": "rg-poc-2",
            "resource_name": "ha-proxi-external-mad2",
            "resource_status": "running",
            "status": "running",
            "status_reasons": [],
            "tags": [],
            "timeouts": null,
            "total_network_bandwidth": 3000,
            "total_volume_bandwidth": 1000,
            "user_data": null,
            "vcpu": [
              {
                "architecture": "amd64",
                "count": 2,
                "manufacturer": "intel"
              }
            ],
            "volume_attachments": [
              {
                "id": "02x7-a48b8bb1-3614-4f38-a83a-eb166cf58d7a",
                "name": "appreciate-uncork-gating-bunkhouse",
                "volume_crn": "crn:v1:bluemix:public:is:eu-es-2:a/9036c2487a7b4d928475d4d1ddc3731b::volume:r050-3a6f7450-0080-4078-a2df-7c66c0afc8d4",
                "volume_id": "r050-3a6f7450-0080-4078-a2df-7c66c0afc8d4",
                "volume_name": "vault-previous-washbowl-landscape"
              }
            ],
            "volumes": null,
            "vpc": "r050-4d36f698-bba9-4fce-b9cf-7838547e7cd4",
            "wait_before_delete": true,
            "zone": "eu-es-2"
          },
          "sensitive_attributes": [],
          "private": "eyJlMmJmYjczMC1lY2FhLTExZTYtOGY4OC0zNDM2M2JjN2M0YzAiOnsiY3JlYXRlIjoxODAwMDAwMDAwMDAwLCJkZWxldGUiOjE4MDAwMDAwMDAwMDAsInVwZGF0ZSI6MTgwMDAwMDAwMDAwMH19",
          "dependencies": [
            "ibm_is_security_group.security_group_inst",
            "ibm_is_ssh_key.sshpubkey",
            "ibm_is_subnet.subnet1",
            "ibm_is_vpc.vpc",
            "ibm_is_vpc_address_prefix.ip_prefix1",
            "ibm_resource_group.rg"
          ]
        }
      ]
    },
    {
      "mode": "managed",
      "type": "ibm_is_instance_network_interface_floating_ip",
      "name": "ha-proxi-external-mad2-inst-float",
      "provider": "provider[\"registry.terraform.io/ibm-cloud/ibm\"]",
      "instances": [
        {
          "schema_version": 0,
          "attributes": {
            "address": "13.121.95.76",
            "crn": "crn:v1:bluemix:public:is:eu-es-2:a/9036c2487a7b4d928475d4d1ddc3731b::floating-ip:r050-e2802937-9f58-4238-b9d0-92aa38a5c7d2",
            "floating_ip": "r050-e2802937-9f58-4238-b9d0-92aa38a5c7d2",
            "id": "02x7_a8f43083-2a76-4186-9ac8-3c0521d610fa/02x7-b2553572-c630-4f2f-aea8-5168eabaa4bf/r050-e2802937-9f58-4238-b9d0-92aa38a5c7d2",
            "instance": "02x7_a8f43083-2a76-4186-9ac8-3c0521d610fa",
            "name": "ha-proxi-external-fip1",
            "network_interface": "02x7-b2553572-c630-4f2f-aea8-5168eabaa4bf",
            "status": "available",
            "target": "02x7-b2553572-c630-4f2f-aea8-5168eabaa4bf",
            "timeouts": null,
            "zone": "eu-es-2"
          },
          "sensitive_attributes": [],
          "private": "eyJlMmJmYjczMC1lY2FhLTExZTYtOGY4OC0zNDM2M2JjN2M0YzAiOnsiY3JlYXRlIjo2MDAwMDAwMDAwMDAsImRlbGV0ZSI6NjAwMDAwMDAwMDAwLCJ1cGRhdGUiOjYwMDAwMDAwMDAwMH19",
          "dependencies": [
            "ibm_is_floating_ip.fip1",
            "ibm_is_instance.ha-proxi-external-mad2-inst",
            "ibm_is_security_group.security_group_inst",
            "ibm_is_ssh_key.sshpubkey",
            "ibm_is_subnet.subnet1",
            "ibm_is_vpc.vpc",
            "ibm_is_vpc_address_prefix.ip_prefix1",
            "ibm_resource_group.rg"
          ]
        }
      ]
    },
    {
      "mode": "managed",
      "type": "ibm_is_security_group",
      "name": "security_group_inst",
      "provider": "provider[\"registry.terraform.io/ibm-cloud/ibm\"]",
      "instances": [
        {
          "schema_version": 0,
          "attributes": {
            "access_tags": [],
            "crn": "crn:v1:bluemix:public:is:eu-es:a/9036c2487a7b4d928475d4d1ddc3731b::security-group:r050-326c28d0-317e-418d-9a00-384adf39204a",
            "id": "r050-326c28d0-317e-418d-9a00-384adf39204a",
            "name": "sg-vpc-poc-es",
            "resource_controller_url": "https://cloud.ibm.com/vpc-ext/network/securityGroups",
            "resource_crn": "crn:v1:bluemix:public:is:eu-es:a/9036c2487a7b4d928475d4d1ddc3731b::security-group:r050-326c28d0-317e-418d-9a00-384adf39204a",
            "resource_group": "37b4de5ef0414df58c21e17525edaa58",
            "resource_group_name": "rg-poc-2",
            "resource_name": "sg-vpc-poc-es",
            "rules": [
              {
                "code": 0,
                "direction": "inbound",
                "ip_version": "ipv4",
                "local": "0.0.0.0/0",
                "port_max": 22,
                "port_min": 22,
                "protocol": "tcp",
                "remote": "0.0.0.0/0",
                "type": 0
              },
              {
                "code": 0,
                "direction": "inbound",
                "ip_version": "ipv4",
                "local": "0.0.0.0/0",
                "port_max": 443,
                "port_min": 443,
                "protocol": "tcp",
                "remote": "0.0.0.0/0",
                "type": 0
              },
              {
                "code": 0,
                "direction": "inbound",
                "ip_version": "ipv4",
                "local": "0.0.0.0/0",
                "port_max": 80,
                "port_min": 80,
                "protocol": "tcp",
                "remote": "0.0.0.0/0",
                "type": 0
              },
              {
                "code": 0,
                "direction": "outbound",
                "ip_version": "ipv4",
                "local": "0.0.0.0/0",
                "port_max": 65535,
                "port_min": 1,
                "protocol": "udp",
                "remote": "0.0.0.0/0",
                "type": 0
              }
            ],
            "tags": [],
            "timeouts": null,
            "vpc": "r050-4d36f698-bba9-4fce-b9cf-7838547e7cd4"
          },
          "sensitive_attributes": [],
          "private": "eyJlMmJmYjczMC1lY2FhLTExZTYtOGY4OC0zNDM2M2JjN2M0YzAiOnsiY3JlYXRlIjo2MDAwMDAwMDAwMDAsImRlbGV0ZSI6NjAwMDAwMDAwMDAwfX0=",
          "dependencies": [
            "ibm_is_vpc.vpc",
            "ibm_resource_group.rg"
          ]
        }
      ]
    },
    {
      "mode": "managed",
      "type": "ibm_is_security_group_rule",
      "name": "ibm_is_security_group_rule-inbound-alltcp",
      "provider": "provider[\"registry.terraform.io/ibm-cloud/ibm\"]",
      "instances": [
        {
          "schema_version": 0,
          "attributes": {
            "direction": "outbound",
            "group": "r050-326c28d0-317e-418d-9a00-384adf39204a",
            "icmp": [],
            "id": "r050-326c28d0-317e-418d-9a00-384adf39204a.r050-35ea4d89-e987-44d4-bd9d-7798692e7770",
            "ip_version": "ipv4",
            "local": "0.0.0.0/0",
            "protocol": "tcp",
            "related_crn": "crn:v1:bluemix:public:is:eu-es:a/9036c2487a7b4d928475d4d1ddc3731b::security-group:r050-326c28d0-317e-418d-9a00-384adf39204a",
            "remote": "0.0.0.0/0",
            "rule_id": "r050-35ea4d89-e987-44d4-bd9d-7798692e7770",
            "tcp": [
              {
                "port_max": 65535,
                "port_min": 1
              }
            ],
            "udp": []
          },
          "sensitive_attributes": [],
          "private": "bnVsbA==",
          "dependencies": [
            "ibm_is_security_group.security_group_inst",
            "ibm_is_vpc.vpc",
            "ibm_resource_group.rg"
          ]
        }
      ]
    },
    {
      "mode": "managed",
      "type": "ibm_is_security_group_rule",
      "name": "ibm_is_security_group_rule-inbound-alludp",
      "provider": "provider[\"registry.terraform.io/ibm-cloud/ibm\"]",
      "instances": [
        {
          "schema_version": 0,
          "attributes": {
            "direction": "outbound",
            "group": "r050-326c28d0-317e-418d-9a00-384adf39204a",
            "icmp": [],
            "id": "r050-326c28d0-317e-418d-9a00-384adf39204a.r050-fe83b9de-a4d3-47df-9c18-228303608eb0",
            "ip_version": "ipv4",
            "local": "0.0.0.0/0",
            "protocol": "udp",
            "related_crn": "crn:v1:bluemix:public:is:eu-es:a/9036c2487a7b4d928475d4d1ddc3731b::security-group:r050-326c28d0-317e-418d-9a00-384adf39204a",
            "remote": "0.0.0.0/0",
            "rule_id": "r050-fe83b9de-a4d3-47df-9c18-228303608eb0",
            "tcp": [],
            "udp": [
              {
                "port_max": 65535,
                "port_min": 1
              }
            ]
          },
          "sensitive_attributes": [],
          "private": "bnVsbA==",
          "dependencies": [
            "ibm_is_security_group.security_group_inst",
            "ibm_is_vpc.vpc",
            "ibm_resource_group.rg"
          ]
        }
      ]
    },
    {
      "mode": "managed",
      "type": "ibm_is_security_group_rule",
      "name": "ibm_is_security_group_rule-inbound-http",
      "provider": "provider[\"registry.terraform.io/ibm-cloud/ibm\"]",
      "instances": [
        {
          "schema_version": 0,
          "attributes": {
            "direction": "inbound",
            "group": "r050-326c28d0-317e-418d-9a00-384adf39204a",
            "icmp": [],
            "id": "r050-326c28d0-317e-418d-9a00-384adf39204a.r050-7cbdbecb-4d93-4ec9-8b76-b007ab95bf7c",
            "ip_version": "ipv4",
            "local": "0.0.0.0/0",
            "protocol": "tcp",
            "related_crn": "crn:v1:bluemix:public:is:eu-es:a/9036c2487a7b4d928475d4d1ddc3731b::security-group:r050-326c28d0-317e-418d-9a00-384adf39204a",
            "remote": "0.0.0.0/0",
            "rule_id": "r050-7cbdbecb-4d93-4ec9-8b76-b007ab95bf7c",
            "tcp": [
              {
                "port_max": 80,
                "port_min": 80
              }
            ],
            "udp": []
          },
          "sensitive_attributes": [],
          "private": "bnVsbA==",
          "dependencies": [
            "ibm_is_security_group.security_group_inst",
            "ibm_is_vpc.vpc",
            "ibm_resource_group.rg"
          ]
        }
      ]
    },
    {
      "mode": "managed",
      "type": "ibm_is_security_group_rule",
      "name": "ibm_is_security_group_rule-inbound-https",
      "provider": "provider[\"registry.terraform.io/ibm-cloud/ibm\"]",
      "instances": [
        {
          "schema_version": 0,
          "attributes": {
            "direction": "inbound",
            "group": "r050-326c28d0-317e-418d-9a00-384adf39204a",
            "icmp": [],
            "id": "r050-326c28d0-317e-418d-9a00-384adf39204a.r050-0034675b-cc0e-4d96-b9b1-fa16379a4361",
            "ip_version": "ipv4",
            "local": "0.0.0.0/0",
            "protocol": "tcp",
            "related_crn": "crn:v1:bluemix:public:is:eu-es:a/9036c2487a7b4d928475d4d1ddc3731b::security-group:r050-326c28d0-317e-418d-9a00-384adf39204a",
            "remote": "0.0.0.0/0",
            "rule_id": "r050-0034675b-cc0e-4d96-b9b1-fa16379a4361",
            "tcp": [
              {
                "port_max": 443,
                "port_min": 443
              }
            ],
            "udp": []
          },
          "sensitive_attributes": [],
          "private": "bnVsbA==",
          "dependencies": [
            "ibm_is_security_group.security_group_inst",
            "ibm_is_vpc.vpc",
            "ibm_resource_group.rg"
          ]
        }
      ]
    },
    {
      "mode": "managed",
      "type": "ibm_is_security_group_rule",
      "name": "ibm_is_security_group_rule-inbound-ssh",
      "provider": "provider[\"registry.terraform.io/ibm-cloud/ibm\"]",
      "instances": [
        {
          "schema_version": 0,
          "attributes": {
            "direction": "inbound",
            "group": "r050-326c28d0-317e-418d-9a00-384adf39204a",
            "icmp": [],
            "id": "r050-326c28d0-317e-418d-9a00-384adf39204a.r050-445f09b0-d2ed-4340-932f-c589bdfb5ed4",
            "ip_version": "ipv4",
            "local": "0.0.0.0/0",
            "protocol": "tcp",
            "related_crn": "crn:v1:bluemix:public:is:eu-es:a/9036c2487a7b4d928475d4d1ddc3731b::security-group:r050-326c28d0-317e-418d-9a00-384adf39204a",
            "remote": "0.0.0.0/0",
            "rule_id": "r050-445f09b0-d2ed-4340-932f-c589bdfb5ed4",
            "tcp": [
              {
                "port_max": 22,
                "port_min": 22
              }
            ],
            "udp": []
          },
          "sensitive_attributes": [],
          "private": "bnVsbA==",
          "dependencies": [
            "ibm_is_security_group.security_group_inst",
            "ibm_is_vpc.vpc",
            "ibm_resource_group.rg"
          ]
        }
      ]
    },
    {
      "mode": "managed",
      "type": "ibm_is_ssh_key",
      "name": "sshpubkey",
      "provider": "provider[\"registry.terraform.io/ibm-cloud/ibm\"]",
      "instances": [
        {
          "schema_version": 0,
          "attributes": {
            "access_tags": [],
            "crn": "crn:v1:bluemix:public:is:eu-es:a/9036c2487a7b4d928475d4d1ddc3731b::key:r050-de594eca-49d3-41be-9227-886f5eba683f",
            "fingerprint": "SHA256:cEbU3EQwNAFa5YvzfXK803sJk9NHul3BYpC4LhNzCqY",
            "id": "r050-de594eca-49d3-41be-9227-886f5eba683f",
            "length": 2048,
            "name": "userpubsshkeyname",
            "public_key": "ssh-rsa AAAAB3NzaC1yc2EAAAADAQABAAABAQDr1WjBLVQISq7qnZSIPtPtQRGTeDLnjM7XBWiM0+32G+KtRI3pcaYNHBlhAkYlYI/GUYtQjszvKotEZIenxLGWc0WjAFcMfQwDa2vsJxDaVV7W99tYmY4Pow8IKp1U76XuHiQppAX+mciF5bVoPxYt8tjlexBsaHZ6Ek7wCmC0k6mpK77fQfmSKTxp3DfweTmwAtNB0PUcVxgAzvLZ7/nMb0WsTd8qdeP/6Tf4G5/oNjE4tKZ2rYCS8EDYKNkxZcqLHiM5hQHpMyg6K60SbY3DfJr8bsWYQu+neZqYoKogKTs3MvC6cysFKN1usWg8m7oICnV1Je/lR/u3zu0/Wnvb",
            "resource_controller_url": "https://cloud.ibm.com/vpc-ext/compute/sshKeys",
            "resource_crn": "crn:v1:bluemix:public:is:eu-es:a/9036c2487a7b4d928475d4d1ddc3731b::key:r050-de594eca-49d3-41be-9227-886f5eba683f",
            "resource_group": "37b4de5ef0414df58c21e17525edaa58",
            "resource_group_name": "rg-poc-2",
            "resource_name": "userpubsshkeyname",
            "tags": [],
            "type": "rsa"
          },
          "sensitive_attributes": [],
          "private": "bnVsbA==",
          "dependencies": [
            "ibm_resource_group.rg"
          ]
        }
      ]
    },
    {
      "mode": "managed",
      "type": "ibm_is_subnet",
      "name": "subnet1",
      "provider": "provider[\"registry.terraform.io/ibm-cloud/ibm\"]",
      "instances": [
        {
          "schema_version": 0,
          "attributes": {
            "access_tags": [],
            "available_ipv4_address_count": 250,
            "crn": "crn:v1:bluemix:public:is:eu-es-2:a/9036c2487a7b4d928475d4d1ddc3731b::subnet:02x7-68f13aa9-851f-4d90-86fe-c9d690d218f7",
            "id": "02x7-68f13aa9-851f-4d90-86fe-c9d690d218f7",
            "ip_version": "ipv4",
            "ipv4_cidr_block": "10.243.0.0/24",
            "name": "subnet-1",
            "network_acl": "r050-8bfe34a2-29ab-4d41-bd2e-a712f3033b81",
            "public_gateway": "",
            "resource_controller_url": "https://cloud.ibm.com/vpc-ext/network/subnets",
            "resource_crn": "crn:v1:bluemix:public:is:eu-es-2:a/9036c2487a7b4d928475d4d1ddc3731b::subnet:02x7-68f13aa9-851f-4d90-86fe-c9d690d218f7",
            "resource_group": "dea30e950af34bffab48a1f0e4b25d5c",
            "resource_group_name": "Default",
            "resource_name": "subnet-1",
            "resource_status": "available",
            "routing_table": "r050-b5fa1860-a18a-474b-83ef-2ae96043136d",
            "status": "available",
            "tags": [],
            "timeouts": null,
            "total_ipv4_address_count": 256,
            "vpc": "r050-4d36f698-bba9-4fce-b9cf-7838547e7cd4",
            "zone": "eu-es-2"
          },
          "sensitive_attributes": [],
          "private": "eyJlMmJmYjczMC1lY2FhLTExZTYtOGY4OC0zNDM2M2JjN2M0YzAiOnsiY3JlYXRlIjo2MDAwMDAwMDAwMDAsImRlbGV0ZSI6NjAwMDAwMDAwMDAwLCJ1cGRhdGUiOjYwMDAwMDAwMDAwMH19",
          "dependencies": [
            "ibm_is_vpc.vpc",
            "ibm_is_vpc_address_prefix.ip_prefix1",
            "ibm_resource_group.rg"
          ]
        }
      ]
    },
    {
      "mode": "managed",
      "type": "ibm_is_subnet",
      "name": "subnet2",
      "provider": "provider[\"registry.terraform.io/ibm-cloud/ibm\"]",
      "instances": [
        {
          "schema_version": 0,
          "attributes": {
            "access_tags": [],
            "available_ipv4_address_count": 251,
            "crn": "crn:v1:bluemix:public:is:eu-es-2:a/9036c2487a7b4d928475d4d1ddc3731b::subnet:02x7-b559466c-593a-4842-919a-79c6f5cb65f8",
            "id": "02x7-b559466c-593a-4842-919a-79c6f5cb65f8",
            "ip_version": "ipv4",
            "ipv4_cidr_block": "10.243.64.0/24",
            "name": "subnet-2",
            "network_acl": "r050-8bfe34a2-29ab-4d41-bd2e-a712f3033b81",
            "public_gateway": "",
            "resource_controller_url": "https://cloud.ibm.com/vpc-ext/network/subnets",
            "resource_crn": "crn:v1:bluemix:public:is:eu-es-2:a/9036c2487a7b4d928475d4d1ddc3731b::subnet:02x7-b559466c-593a-4842-919a-79c6f5cb65f8",
            "resource_group": "dea30e950af34bffab48a1f0e4b25d5c",
            "resource_group_name": "Default",
            "resource_name": "subnet-2",
            "resource_status": "available",
            "routing_table": "r050-b5fa1860-a18a-474b-83ef-2ae96043136d",
            "status": "available",
            "tags": [],
            "timeouts": null,
            "total_ipv4_address_count": 256,
            "vpc": "r050-4d36f698-bba9-4fce-b9cf-7838547e7cd4",
            "zone": "eu-es-2"
          },
          "sensitive_attributes": [],
          "private": "eyJlMmJmYjczMC1lY2FhLTExZTYtOGY4OC0zNDM2M2JjN2M0YzAiOnsiY3JlYXRlIjo2MDAwMDAwMDAwMDAsImRlbGV0ZSI6NjAwMDAwMDAwMDAwLCJ1cGRhdGUiOjYwMDAwMDAwMDAwMH19",
          "dependencies": [
            "ibm_is_vpc.vpc",
            "ibm_is_vpc_address_prefix.ip_prefix2",
            "ibm_resource_group.rg"
          ]
        }
      ]
    },
    {
      "mode": "managed",
      "type": "ibm_is_subnet",
      "name": "subnet3",
      "provider": "provider[\"registry.terraform.io/ibm-cloud/ibm\"]",
      "instances": [
        {
          "schema_version": 0,
          "attributes": {
            "access_tags": [],
            "available_ipv4_address_count": 251,
            "crn": "crn:v1:bluemix:public:is:eu-es-2:a/9036c2487a7b4d928475d4d1ddc3731b::subnet:02x7-89147818-41ce-4f31-b44b-124844e87544",
            "id": "02x7-89147818-41ce-4f31-b44b-124844e87544",
            "ip_version": "ipv4",
            "ipv4_cidr_block": "10.243.128.0/24",
            "name": "subnet-3",
            "network_acl": "r050-8bfe34a2-29ab-4d41-bd2e-a712f3033b81",
            "public_gateway": "",
            "resource_controller_url": "https://cloud.ibm.com/vpc-ext/network/subnets",
            "resource_crn": "crn:v1:bluemix:public:is:eu-es-2:a/9036c2487a7b4d928475d4d1ddc3731b::subnet:02x7-89147818-41ce-4f31-b44b-124844e87544",
            "resource_group": "dea30e950af34bffab48a1f0e4b25d5c",
            "resource_group_name": "Default",
            "resource_name": "subnet-3",
            "resource_status": "available",
            "routing_table": "r050-b5fa1860-a18a-474b-83ef-2ae96043136d",
            "status": "available",
            "tags": [],
            "timeouts": null,
            "total_ipv4_address_count": 256,
            "vpc": "r050-4d36f698-bba9-4fce-b9cf-7838547e7cd4",
            "zone": "eu-es-2"
          },
          "sensitive_attributes": [],
          "private": "eyJlMmJmYjczMC1lY2FhLTExZTYtOGY4OC0zNDM2M2JjN2M0YzAiOnsiY3JlYXRlIjo2MDAwMDAwMDAwMDAsImRlbGV0ZSI6NjAwMDAwMDAwMDAwLCJ1cGRhdGUiOjYwMDAwMDAwMDAwMH19",
          "dependencies": [
            "ibm_is_vpc.vpc",
            "ibm_is_vpc_address_prefix.ip_prefix3",
            "ibm_resource_group.rg"
          ]
        }
      ]
    },
    {
      "mode": "managed",
      "type": "ibm_is_vpc",
      "name": "vpc",
      "provider": "provider[\"registry.terraform.io/ibm-cloud/ibm\"]",
      "instances": [
        {
          "schema_version": 0,
          "attributes": {
            "access_tags": [],
            "address_prefix_management": "manual",
            "classic_access": false,
            "crn": "crn:v1:bluemix:public:is:eu-es:a/9036c2487a7b4d928475d4d1ddc3731b::vpc:r050-4d36f698-bba9-4fce-b9cf-7838547e7cd4",
            "cse_source_addresses": [
              {
                "address": "10.22.178.160",
                "zone_name": "eu-es-1"
              },
              {
                "address": "10.22.195.72",
                "zone_name": "eu-es-2"
              },
              {
                "address": "10.22.205.183",
                "zone_name": "eu-es-3"
              }
            ],
            "default_network_acl": "r050-8bfe34a2-29ab-4d41-bd2e-a712f3033b81",
            "default_network_acl_crn": "crn:v1:bluemix:public:is:eu-es:a/9036c2487a7b4d928475d4d1ddc3731b::network-acl:r050-8bfe34a2-29ab-4d41-bd2e-a712f3033b81",
            "default_network_acl_name": "scurvy-frays-condiment-ballerina",
            "default_routing_table": "r050-b5fa1860-a18a-474b-83ef-2ae96043136d",
            "default_routing_table_name": "outline-rupture-duplicate-degree",
            "default_security_group": "r050-333e312f-36db-475d-8c5c-7be0f5665d69",
            "default_security_group_crn": "crn:v1:bluemix:public:is:eu-es:a/9036c2487a7b4d928475d4d1ddc3731b::security-group:r050-333e312f-36db-475d-8c5c-7be0f5665d69",
            "default_security_group_name": "snack-upstage-shortcut-dentist",
            "dns": [
              {
                "enable_hub": false,
                "resolution_binding_count": 0,
                "resolver": [
                  {
                    "configuration": "default",
                    "dns_binding_id": "",
                    "dns_binding_name": "",
                    "manual_servers": [],
                    "servers": [
                      {
                        "address": "161.26.0.10",
                        "zone_affinity": ""
                      },
                      {
                        "address": "161.26.0.11",
                        "zone_affinity": ""
                      }
                    ],
                    "type": "system",
                    "vpc_crn": "",
                    "vpc_id": "",
                    "vpc_name": "",
                    "vpc_remote_account_id": "",
                    "vpc_remote_region": ""
                  }
                ]
              }
            ],
            "health_reasons": [],
            "health_state": "ok",
            "id": "r050-4d36f698-bba9-4fce-b9cf-7838547e7cd4",
            "name": "vpc-poc-es",
            "no_sg_acl_rules": false,
            "resource_controller_url": "https://cloud.ibm.com/vpc-ext/network/vpcs",
            "resource_crn": "crn:v1:bluemix:public:is:eu-es:a/9036c2487a7b4d928475d4d1ddc3731b::vpc:r050-4d36f698-bba9-4fce-b9cf-7838547e7cd4",
            "resource_group": "37b4de5ef0414df58c21e17525edaa58",
            "resource_group_name": "rg-poc-2",
            "resource_name": "vpc-poc-es",
            "resource_status": "available",
            "security_group": [
              {
                "group_id": "r050-326c28d0-317e-418d-9a00-384adf39204a",
                "group_name": "sg-vpc-poc-es",
                "rules": [
                  {
                    "code": 0,
                    "direction": "inbound",
                    "ip_version": "ipv4",
                    "port_max": 22,
                    "port_min": 22,
                    "protocol": "tcp",
                    "remote": "0.0.0.0/0",
                    "rule_id": "r050-445f09b0-d2ed-4340-932f-c589bdfb5ed4",
                    "type": 0
                  },
                  {
                    "code": 0,
                    "direction": "inbound",
                    "ip_version": "ipv4",
                    "port_max": 443,
                    "port_min": 443,
                    "protocol": "tcp",
                    "remote": "0.0.0.0/0",
                    "rule_id": "r050-0034675b-cc0e-4d96-b9b1-fa16379a4361",
                    "type": 0
                  },
                  {
                    "code": 0,
                    "direction": "inbound",
                    "ip_version": "ipv4",
                    "port_max": 80,
                    "port_min": 80,
                    "protocol": "tcp",
                    "remote": "0.0.0.0/0",
                    "rule_id": "r050-7cbdbecb-4d93-4ec9-8b76-b007ab95bf7c",
                    "type": 0
                  },
                  {
                    "code": 0,
                    "direction": "outbound",
                    "ip_version": "ipv4",
                    "port_max": 65535,
                    "port_min": 1,
                    "protocol": "udp",
                    "remote": "0.0.0.0/0",
                    "rule_id": "r050-f0a9d6e3-54db-4262-9f92-e7b051e11eea",
                    "type": 0
                  }
                ]
              },
              {
                "group_id": "r050-333e312f-36db-475d-8c5c-7be0f5665d69",
                "group_name": "snack-upstage-shortcut-dentist",
                "rules": [
                  {
                    "code": 0,
                    "direction": "outbound",
                    "ip_version": "ipv4",
                    "port_max": 0,
                    "port_min": 0,
                    "protocol": "all",
                    "remote": "0.0.0.0/0",
                    "rule_id": "r050-fcb39c90-643b-4529-8a34-db7208656224",
                    "type": 0
                  },
                  {
                    "code": 0,
                    "direction": "inbound",
                    "ip_version": "ipv4",
                    "port_max": 0,
                    "port_min": 0,
                    "protocol": "all",
                    "remote": "r050-333e312f-36db-475d-8c5c-7be0f5665d69",
                    "rule_id": "r050-a1f3afd4-ee69-4144-914c-0053fc44e154",
                    "type": 0
                  }
                ]
              }
            ],
            "status": "available",
            "subnets": [
              {
                "available_ipv4_address_count": 250,
                "id": "02x7-68f13aa9-851f-4d90-86fe-c9d690d218f7",
                "name": "subnet-1",
                "status": "available",
                "total_ipv4_address_count": 256,
                "zone": "eu-es-2"
              },
              {
                "available_ipv4_address_count": 251,
                "id": "02x7-b559466c-593a-4842-919a-79c6f5cb65f8",
                "name": "subnet-2",
                "status": "available",
                "total_ipv4_address_count": 256,
                "zone": "eu-es-2"
              },
              {
                "available_ipv4_address_count": 251,
                "id": "02x7-89147818-41ce-4f31-b44b-124844e87544",
                "name": "subnet-3",
                "status": "available",
                "total_ipv4_address_count": 256,
                "zone": "eu-es-2"
              }
            ],
            "tags": [],
            "timeouts": null
          },
          "sensitive_attributes": [],
          "private": "eyJlMmJmYjczMC1lY2FhLTExZTYtOGY4OC0zNDM2M2JjN2M0YzAiOnsiY3JlYXRlIjo2MDAwMDAwMDAwMDAsImRlbGV0ZSI6NjAwMDAwMDAwMDAwfX0=",
          "dependencies": [
            "ibm_resource_group.rg"
          ]
        }
      ]
    },
    {
      "mode": "managed",
      "type": "ibm_is_vpc_address_prefix",
      "name": "ip_prefix1",
      "provider": "provider[\"registry.terraform.io/ibm-cloud/ibm\"]",
      "instances": [
        {
          "schema_version": 0,
          "attributes": {
            "address_prefix": "r050-b2a60dc5-ce74-48dd-8a83-baf9fc4ea094",
            "cidr": "10.243.0.0/24",
            "has_subnets": true,
            "id": "r050-4d36f698-bba9-4fce-b9cf-7838547e7cd4/r050-b2a60dc5-ce74-48dd-8a83-baf9fc4ea094",
            "is_default": false,
            "name": "address-prefix-1",
            "related_crn": "crn:v1:bluemix:public:is:eu-es:a/9036c2487a7b4d928475d4d1ddc3731b::vpc:r050-4d36f698-bba9-4fce-b9cf-7838547e7cd4",
            "vpc": "r050-4d36f698-bba9-4fce-b9cf-7838547e7cd4",
            "zone": "eu-es-2"
          },
          "sensitive_attributes": [],
          "private": "bnVsbA==",
          "dependencies": [
            "ibm_is_vpc.vpc",
            "ibm_resource_group.rg"
          ]
        }
      ]
    },
    {
      "mode": "managed",
      "type": "ibm_is_vpc_address_prefix",
      "name": "ip_prefix2",
      "provider": "provider[\"registry.terraform.io/ibm-cloud/ibm\"]",
      "instances": [
        {
          "schema_version": 0,
          "attributes": {
            "address_prefix": "r050-ff67e635-fb3f-4b82-bec7-504625c7e80a",
            "cidr": "10.243.64.0/24",
            "has_subnets": true,
            "id": "r050-4d36f698-bba9-4fce-b9cf-7838547e7cd4/r050-ff67e635-fb3f-4b82-bec7-504625c7e80a",
            "is_default": false,
            "name": "address-prefix-2",
            "related_crn": "crn:v1:bluemix:public:is:eu-es:a/9036c2487a7b4d928475d4d1ddc3731b::vpc:r050-4d36f698-bba9-4fce-b9cf-7838547e7cd4",
            "vpc": "r050-4d36f698-bba9-4fce-b9cf-7838547e7cd4",
            "zone": "eu-es-2"
          },
          "sensitive_attributes": [],
          "private": "bnVsbA==",
          "dependencies": [
            "ibm_is_vpc.vpc",
            "ibm_resource_group.rg"
          ]
        }
      ]
    },
    {
      "mode": "managed",
      "type": "ibm_is_vpc_address_prefix",
      "name": "ip_prefix3",
      "provider": "provider[\"registry.terraform.io/ibm-cloud/ibm\"]",
      "instances": [
        {
          "schema_version": 0,
          "attributes": {
            "address_prefix": "r050-5a51768e-4db8-4844-a47c-6f363714829b",
            "cidr": "10.243.128.0/24",
            "has_subnets": true,
            "id": "r050-4d36f698-bba9-4fce-b9cf-7838547e7cd4/r050-5a51768e-4db8-4844-a47c-6f363714829b",
            "is_default": false,
            "name": "address-prefix-3",
            "related_crn": "crn:v1:bluemix:public:is:eu-es:a/9036c2487a7b4d928475d4d1ddc3731b::vpc:r050-4d36f698-bba9-4fce-b9cf-7838547e7cd4",
            "vpc": "r050-4d36f698-bba9-4fce-b9cf-7838547e7cd4",
            "zone": "eu-es-2"
          },
          "sensitive_attributes": [],
          "private": "bnVsbA==",
          "dependencies": [
            "ibm_is_vpc.vpc",
            "ibm_resource_group.rg"
          ]
        }
      ]
    },
    {
      "mode": "managed",
      "type": "ibm_resource_group",
      "name": "rg",
      "provider": "provider[\"registry.terraform.io/ibm-cloud/ibm\"]",
      "instances": [
        {
          "schema_version": 0,
          "attributes": {
            "created_at": "2024-10-23T13:31:46.055Z",
            "crn": "crn:v1:bluemix:public:resource-controller::a/9036c2487a7b4d928475d4d1ddc3731b::resource-group:37b4de5ef0414df58c21e17525edaa58",
            "default": false,
            "id": "37b4de5ef0414df58c21e17525edaa58",
            "name": "rg-poc-2",
            "payment_methods_url": null,
            "quota_id": "a3d7b8d01e261c24677937c29ab33f3c",
            "quota_url": "/v2/quota_definitions/a3d7b8d01e261c24677937c29ab33f3c",
            "resource_linkages": [],
            "state": "ACTIVE",
            "tags": null,
            "teams_url": null,
            "timeouts": null,
            "updated_at": "2024-10-23T13:31:46.055Z"
          },
          "sensitive_attributes": [],
          "private": "eyJlMmJmYjczMC1lY2FhLTExZTYtOGY4OC0zNDM2M2JjN2M0YzAiOnsiZGVsZXRlIjoxMjAwMDAwMDAwMDAwfX0="
        }
      ]
    }
  ],
  "check_results": null
}
