{
  "version": 4,
  "terraform_version": "1.9.3",
  "serial": 129,
  "lineage": "dff01c50-4dcf-8204-599a-35f7d8863232",
  "outputs": {},
  "resources": [
    {
      "mode": "managed",
      "type": "ibm_is_security_group",
      "name": "ocpbmesxi-securitygroup",
      "provider": "provider[\"registry.terraform.io/ibm-cloud/ibm\"]",
      "instances": [
        {
          "schema_version": 0,
          "attributes": {
            "access_tags": [],
            "crn": "crn:v1:bluemix:public:is:eu-es:a/9036c2487a7b4d928475d4d1ddc3731b::security-group:r050-ac0c9d2c-ca78-4d3f-9049-d6457a7cf24e",
            "id": "r050-ac0c9d2c-ca78-4d3f-9049-d6457a7cf24e",
            "name": "sg-vpc-poc-es",
            "resource_controller_url": "https://cloud.ibm.com/vpc-ext/network/securityGroups",
            "resource_crn": "crn:v1:bluemix:public:is:eu-es:a/9036c2487a7b4d928475d4d1ddc3731b::security-group:r050-ac0c9d2c-ca78-4d3f-9049-d6457a7cf24e",
            "resource_group": "7d6c2a6a751b4b7f9633ebab8f454f37",
            "resource_group_name": "rg-poc-2",
            "resource_name": "sg-vpc-poc-es",
            "rules": [],
            "tags": [],
            "timeouts": null,
            "vpc": "r050-a8341e80-987f-40aa-bf20-07bde38a0b14"
          },
          "sensitive_attributes": [],
          "private": "eyJlMmJmYjczMC1lY2FhLTExZTYtOGY4OC0zNDM2M2JjN2M0YzAiOnsiY3JlYXRlIjo2MDAwMDAwMDAwMDAsImRlbGV0ZSI6NjAwMDAwMDAwMDAwfX0=",
          "dependencies": [
            "ibm_is_vpc.vpc",
            "ibm_resource_group.rg"
          ]
        }
      ]
    },
    {
      "mode": "managed",
      "type": "ibm_is_security_group_rule",
      "name": "ocpbmesxi-securitygroupruleinbound",
      "provider": "provider[\"registry.terraform.io/ibm-cloud/ibm\"]",
      "instances": [
        {
          "schema_version": 0,
          "attributes": {
            "direction": "inbound",
            "group": "r050-ac0c9d2c-ca78-4d3f-9049-d6457a7cf24e",
            "icmp": [],
            "id": "r050-ac0c9d2c-ca78-4d3f-9049-d6457a7cf24e.r050-ae2e3046-5540-4b74-a566-88956c8e21b7",
            "ip_version": "ipv4",
            "local": "0.0.0.0/0",
            "protocol": "all",
            "related_crn": "crn:v1:bluemix:public:is:eu-es:a/9036c2487a7b4d928475d4d1ddc3731b::security-group:r050-ac0c9d2c-ca78-4d3f-9049-d6457a7cf24e",
            "remote": "0.0.0.0/0",
            "rule_id": "r050-ae2e3046-5540-4b74-a566-88956c8e21b7",
            "tcp": [],
            "udp": []
          },
          "sensitive_attributes": [],
          "private": "bnVsbA==",
          "dependencies": [
            "ibm_is_security_group.ocpbmesxi-securitygroup",
            "ibm_is_vpc.vpc",
            "ibm_resource_group.rg"
          ]
        }
      ]
    },
    {
      "mode": "managed",
      "type": "ibm_is_security_group_rule",
      "name": "ocpbmesxi-securitygroupruleoutbound",
      "provider": "provider[\"registry.terraform.io/ibm-cloud/ibm\"]",
      "instances": [
        {
          "schema_version": 0,
          "attributes": {
            "direction": "outbound",
            "group": "r050-ac0c9d2c-ca78-4d3f-9049-d6457a7cf24e",
            "icmp": [],
            "id": "r050-ac0c9d2c-ca78-4d3f-9049-d6457a7cf24e.r050-a5ece10f-a49e-4cc7-a068-2978d737a375",
            "ip_version": "ipv4",
            "local": "0.0.0.0/0",
            "protocol": "all",
            "related_crn": "crn:v1:bluemix:public:is:eu-es:a/9036c2487a7b4d928475d4d1ddc3731b::security-group:r050-ac0c9d2c-ca78-4d3f-9049-d6457a7cf24e",
            "remote": "0.0.0.0/0",
            "rule_id": "r050-a5ece10f-a49e-4cc7-a068-2978d737a375",
            "tcp": [],
            "udp": []
          },
          "sensitive_attributes": [],
          "private": "bnVsbA==",
          "dependencies": [
            "ibm_is_security_group.ocpbmesxi-securitygroup",
            "ibm_is_vpc.vpc",
            "ibm_resource_group.rg"
          ]
        }
      ]
    },
    {
      "mode": "managed",
      "type": "ibm_is_ssh_key",
      "name": "sshpubkey",
      "provider": "provider[\"registry.terraform.io/ibm-cloud/ibm\"]",
      "instances": [
        {
          "schema_version": 0,
          "attributes": {
            "access_tags": [],
            "crn": "crn:v1:bluemix:public:is:eu-es:a/9036c2487a7b4d928475d4d1ddc3731b::key:r050-d24dc455-5afe-4928-9b64-0a2c513a6e3c",
            "fingerprint": "SHA256:XGnYvndP6jXyofo7h1D4+DH6eESaFHSDB28DGKiJj70",
            "id": "r050-d24dc455-5afe-4928-9b64-0a2c513a6e3c",
            "length": 4096,
            "name": "userpubsshkeyname",
            "public_key": "ssh-rsa AAAAB3NzaC1yc2EAAAADAQABAAABgQC6IUtP8NOuHq18PYCil+bMaNCIu+Pkqc9uPgHVGj14TIN1FrVNUEOgazvLwK/3mKw3YPbdii8CXFcybSIVrvorPJyKrtEWoDo6pUGCWaC7/8EshzifpZ+y0Ds5qpnlJZwpzbju1GWS3kbSSmEcfczJl0LvMpNVGQugF8oVyju5eHiF/DEWCAvFsEX66KGa7iBsy7ggFptwW+Y0fqFVU6ROYWiwGr0bHMaYogrUKUMY7Yg3eWB7xuMRItwnKvmV6UpR+5tX6pNvjMKcXbBg65ExoegjcJCPndkBINC67KZo5aaigRcTDj/DI9K4ZrEoBeikDTKeU/1hxVSkeEv7XarVrGvGFFz9hs1ofOMm/JR04bMcoLn+JjpiCJQPX7eDnqx7ZGoh+PwNMC/kAIX9lZpIjXa839fVD9ar0xrwKo2zhODKjaKHTAjGjU2aIGzwGupFPOUNqr/39x6otO5XTfXk/KThTzgPi+PJ2qHVOoYNyRTf7cQlFFMlg4/F/qmxsJU=",
            "resource_controller_url": "https://cloud.ibm.com/vpc-ext/compute/sshKeys",
            "resource_crn": "crn:v1:bluemix:public:is:eu-es:a/9036c2487a7b4d928475d4d1ddc3731b::key:r050-d24dc455-5afe-4928-9b64-0a2c513a6e3c",
            "resource_group": "7d6c2a6a751b4b7f9633ebab8f454f37",
            "resource_group_name": "rg-poc-2",
            "resource_name": "userpubsshkeyname",
            "tags": [],
            "type": "rsa"
          },
          "sensitive_attributes": [],
          "private": "bnVsbA==",
          "dependencies": [
            "ibm_resource_group.rg"
          ]
        }
      ]
    },
    {
      "mode": "managed",
      "type": "ibm_is_subnet",
      "name": "subnet1",
      "provider": "provider[\"registry.terraform.io/ibm-cloud/ibm\"]",
      "instances": [
        {
          "schema_version": 0,
          "attributes": {
            "access_tags": [],
            "available_ipv4_address_count": 251,
            "crn": "crn:v1:bluemix:public:is:eu-es-3:a/9036c2487a7b4d928475d4d1ddc3731b::subnet:02y7-aac9a68f-49de-49d1-b573-11cc5454d006",
            "id": "02y7-aac9a68f-49de-49d1-b573-11cc5454d006",
            "ip_version": "ipv4",
            "ipv4_cidr_block": "10.243.0.0/24",
            "name": "subnet-1",
            "network_acl": "r050-7395ab80-2cbc-437d-ace2-bf448316fa8a",
            "public_gateway": "",
            "resource_controller_url": "https://cloud.ibm.com/vpc-ext/network/subnets",
            "resource_crn": "crn:v1:bluemix:public:is:eu-es-3:a/9036c2487a7b4d928475d4d1ddc3731b::subnet:02y7-aac9a68f-49de-49d1-b573-11cc5454d006",
            "resource_group": "dea30e950af34bffab48a1f0e4b25d5c",
            "resource_group_name": "Default",
            "resource_name": "subnet-1",
            "resource_status": "available",
            "routing_table": "r050-3b66a4c9-e870-44e7-ba6d-97547bdc14ac",
            "status": "available",
            "tags": [],
            "timeouts": null,
            "total_ipv4_address_count": 256,
            "vpc": "r050-a8341e80-987f-40aa-bf20-07bde38a0b14",
            "zone": "eu-es-3"
          },
          "sensitive_attributes": [],
          "private": "eyJlMmJmYjczMC1lY2FhLTExZTYtOGY4OC0zNDM2M2JjN2M0YzAiOnsiY3JlYXRlIjo2MDAwMDAwMDAwMDAsImRlbGV0ZSI6NjAwMDAwMDAwMDAwLCJ1cGRhdGUiOjYwMDAwMDAwMDAwMH19",
          "dependencies": [
            "ibm_is_vpc.vpc",
            "ibm_is_vpc_address_prefix.ip_prefix1",
            "ibm_resource_group.rg"
          ]
        }
      ]
    },
    {
      "mode": "managed",
      "type": "ibm_is_subnet",
      "name": "subnet2",
      "provider": "provider[\"registry.terraform.io/ibm-cloud/ibm\"]",
      "instances": [
        {
          "schema_version": 0,
          "attributes": {
            "access_tags": [],
            "available_ipv4_address_count": 251,
            "crn": "crn:v1:bluemix:public:is:eu-es-3:a/9036c2487a7b4d928475d4d1ddc3731b::subnet:02y7-bf694de9-cc20-42ed-9bd8-3ab15ba5d53b",
            "id": "02y7-bf694de9-cc20-42ed-9bd8-3ab15ba5d53b",
            "ip_version": "ipv4",
            "ipv4_cidr_block": "10.243.64.0/24",
            "name": "subnet-2",
            "network_acl": "r050-7395ab80-2cbc-437d-ace2-bf448316fa8a",
            "public_gateway": "",
            "resource_controller_url": "https://cloud.ibm.com/vpc-ext/network/subnets",
            "resource_crn": "crn:v1:bluemix:public:is:eu-es-3:a/9036c2487a7b4d928475d4d1ddc3731b::subnet:02y7-bf694de9-cc20-42ed-9bd8-3ab15ba5d53b",
            "resource_group": "dea30e950af34bffab48a1f0e4b25d5c",
            "resource_group_name": "Default",
            "resource_name": "subnet-2",
            "resource_status": "available",
            "routing_table": "r050-3b66a4c9-e870-44e7-ba6d-97547bdc14ac",
            "status": "available",
            "tags": [],
            "timeouts": null,
            "total_ipv4_address_count": 256,
            "vpc": "r050-a8341e80-987f-40aa-bf20-07bde38a0b14",
            "zone": "eu-es-3"
          },
          "sensitive_attributes": [],
          "private": "eyJlMmJmYjczMC1lY2FhLTExZTYtOGY4OC0zNDM2M2JjN2M0YzAiOnsiY3JlYXRlIjo2MDAwMDAwMDAwMDAsImRlbGV0ZSI6NjAwMDAwMDAwMDAwLCJ1cGRhdGUiOjYwMDAwMDAwMDAwMH19",
          "dependencies": [
            "ibm_is_vpc.vpc",
            "ibm_is_vpc_address_prefix.ip_prefix2",
            "ibm_resource_group.rg"
          ]
        }
      ]
    },
    {
      "mode": "managed",
      "type": "ibm_is_subnet",
      "name": "subnet3",
      "provider": "provider[\"registry.terraform.io/ibm-cloud/ibm\"]",
      "instances": [
        {
          "schema_version": 0,
          "attributes": {
            "access_tags": [],
            "available_ipv4_address_count": 251,
            "crn": "crn:v1:bluemix:public:is:eu-es-3:a/9036c2487a7b4d928475d4d1ddc3731b::subnet:02y7-e3199749-12bb-40af-8a54-f8c63eb4ac64",
            "id": "02y7-e3199749-12bb-40af-8a54-f8c63eb4ac64",
            "ip_version": "ipv4",
            "ipv4_cidr_block": "10.243.128.0/24",
            "name": "subnet-3",
            "network_acl": "r050-7395ab80-2cbc-437d-ace2-bf448316fa8a",
            "public_gateway": "",
            "resource_controller_url": "https://cloud.ibm.com/vpc-ext/network/subnets",
            "resource_crn": "crn:v1:bluemix:public:is:eu-es-3:a/9036c2487a7b4d928475d4d1ddc3731b::subnet:02y7-e3199749-12bb-40af-8a54-f8c63eb4ac64",
            "resource_group": "dea30e950af34bffab48a1f0e4b25d5c",
            "resource_group_name": "Default",
            "resource_name": "subnet-3",
            "resource_status": "available",
            "routing_table": "r050-3b66a4c9-e870-44e7-ba6d-97547bdc14ac",
            "status": "available",
            "tags": [],
            "timeouts": null,
            "total_ipv4_address_count": 256,
            "vpc": "r050-a8341e80-987f-40aa-bf20-07bde38a0b14",
            "zone": "eu-es-3"
          },
          "sensitive_attributes": [],
          "private": "eyJlMmJmYjczMC1lY2FhLTExZTYtOGY4OC0zNDM2M2JjN2M0YzAiOnsiY3JlYXRlIjo2MDAwMDAwMDAwMDAsImRlbGV0ZSI6NjAwMDAwMDAwMDAwLCJ1cGRhdGUiOjYwMDAwMDAwMDAwMH19",
          "dependencies": [
            "ibm_is_vpc.vpc",
            "ibm_is_vpc_address_prefix.ip_prefix3",
            "ibm_resource_group.rg"
          ]
        }
      ]
    },
    {
      "mode": "managed",
      "type": "ibm_is_vpc",
      "name": "vpc",
      "provider": "provider[\"registry.terraform.io/ibm-cloud/ibm\"]",
      "instances": [
        {
          "schema_version": 0,
          "attributes": {
            "access_tags": [],
            "address_prefix_management": "manual",
            "classic_access": false,
            "crn": "crn:v1:bluemix:public:is:eu-es:a/9036c2487a7b4d928475d4d1ddc3731b::vpc:r050-a8341e80-987f-40aa-bf20-07bde38a0b14",
            "cse_source_addresses": [
              {
                "address": "10.22.182.73",
                "zone_name": "eu-es-1"
              },
              {
                "address": "10.22.192.171",
                "zone_name": "eu-es-2"
              },
              {
                "address": "10.22.208.73",
                "zone_name": "eu-es-3"
              }
            ],
            "default_network_acl": "r050-7395ab80-2cbc-437d-ace2-bf448316fa8a",
            "default_network_acl_crn": "crn:v1:bluemix:public:is:eu-es:a/9036c2487a7b4d928475d4d1ddc3731b::network-acl:r050-7395ab80-2cbc-437d-ace2-bf448316fa8a",
            "default_network_acl_name": "hammock-accompany-rubber-uncorrupt",
            "default_routing_table": "r050-3b66a4c9-e870-44e7-ba6d-97547bdc14ac",
            "default_routing_table_name": "comfort-fled-hence-percent",
            "default_security_group": "r050-16e82c9a-c555-4cf1-a6d1-5bde0cf7c266",
            "default_security_group_crn": "crn:v1:bluemix:public:is:eu-es:a/9036c2487a7b4d928475d4d1ddc3731b::security-group:r050-16e82c9a-c555-4cf1-a6d1-5bde0cf7c266",
            "default_security_group_name": "dimly-upstairs-delicacy-magnitude",
            "dns": [
              {
                "enable_hub": false,
                "resolution_binding_count": 0,
                "resolver": [
                  {
                    "configuration": "default",
                    "dns_binding_id": "",
                    "dns_binding_name": "",
                    "manual_servers": [],
                    "servers": [
                      {
                        "address": "161.26.0.10",
                        "zone_affinity": ""
                      },
                      {
                        "address": "161.26.0.11",
                        "zone_affinity": ""
                      }
                    ],
                    "type": "system",
                    "vpc_crn": "",
                    "vpc_id": "",
                    "vpc_name": "",
                    "vpc_remote_account_id": "",
                    "vpc_remote_region": ""
                  }
                ]
              }
            ],
            "health_reasons": [],
            "health_state": "ok",
            "id": "r050-a8341e80-987f-40aa-bf20-07bde38a0b14",
            "name": "vpc-poc-es",
            "no_sg_acl_rules": false,
            "resource_controller_url": "https://cloud.ibm.com/vpc-ext/network/vpcs",
            "resource_crn": "crn:v1:bluemix:public:is:eu-es:a/9036c2487a7b4d928475d4d1ddc3731b::vpc:r050-a8341e80-987f-40aa-bf20-07bde38a0b14",
            "resource_group": "7d6c2a6a751b4b7f9633ebab8f454f37",
            "resource_group_name": "rg-poc-2",
            "resource_name": "vpc-poc-es",
            "resource_status": "available",
            "security_group": [
              {
                "group_id": "r050-16e82c9a-c555-4cf1-a6d1-5bde0cf7c266",
                "group_name": "dimly-upstairs-delicacy-magnitude",
                "rules": [
                  {
                    "code": 0,
                    "direction": "outbound",
                    "ip_version": "ipv4",
                    "port_max": 0,
                    "port_min": 0,
                    "protocol": "all",
                    "remote": "0.0.0.0/0",
                    "rule_id": "r050-e5424cb8-c675-4eb6-ba28-2bd901377380",
                    "type": 0
                  },
                  {
                    "code": 0,
                    "direction": "inbound",
                    "ip_version": "ipv4",
                    "port_max": 0,
                    "port_min": 0,
                    "protocol": "all",
                    "remote": "r050-16e82c9a-c555-4cf1-a6d1-5bde0cf7c266",
                    "rule_id": "r050-de611d84-ec82-4156-ab24-995bf71c958d",
                    "type": 0
                  }
                ]
              }
            ],
            "status": "available",
            "subnets": [],
            "tags": [],
            "timeouts": null
          },
          "sensitive_attributes": [],
          "private": "eyJlMmJmYjczMC1lY2FhLTExZTYtOGY4OC0zNDM2M2JjN2M0YzAiOnsiY3JlYXRlIjo2MDAwMDAwMDAwMDAsImRlbGV0ZSI6NjAwMDAwMDAwMDAwfX0=",
          "dependencies": [
            "ibm_resource_group.rg"
          ]
        }
      ]
    },
    {
      "mode": "managed",
      "type": "ibm_is_vpc_address_prefix",
      "name": "ip_prefix1",
      "provider": "provider[\"registry.terraform.io/ibm-cloud/ibm\"]",
      "instances": [
        {
          "schema_version": 0,
          "attributes": {
            "address_prefix": "r050-375bffa7-fa99-471b-8f55-0b1551d65b49",
            "cidr": "10.243.0.0/24",
            "has_subnets": false,
            "id": "r050-a8341e80-987f-40aa-bf20-07bde38a0b14/r050-375bffa7-fa99-471b-8f55-0b1551d65b49",
            "is_default": false,
            "name": "address-prefix-1",
            "related_crn": "crn:v1:bluemix:public:is:eu-es:a/9036c2487a7b4d928475d4d1ddc3731b::vpc:r050-a8341e80-987f-40aa-bf20-07bde38a0b14",
            "vpc": "r050-a8341e80-987f-40aa-bf20-07bde38a0b14",
            "zone": "eu-es-3"
          },
          "sensitive_attributes": [],
          "private": "bnVsbA==",
          "dependencies": [
            "ibm_is_vpc.vpc",
            "ibm_resource_group.rg"
          ]
        }
      ]
    },
    {
      "mode": "managed",
      "type": "ibm_is_vpc_address_prefix",
      "name": "ip_prefix2",
      "provider": "provider[\"registry.terraform.io/ibm-cloud/ibm\"]",
      "instances": [
        {
          "schema_version": 0,
          "attributes": {
            "address_prefix": "r050-128fd961-e420-4aad-976b-5f528959eb1c",
            "cidr": "10.243.64.0/24",
            "has_subnets": false,
            "id": "r050-a8341e80-987f-40aa-bf20-07bde38a0b14/r050-128fd961-e420-4aad-976b-5f528959eb1c",
            "is_default": false,
            "name": "address-prefix-2",
            "related_crn": "crn:v1:bluemix:public:is:eu-es:a/9036c2487a7b4d928475d4d1ddc3731b::vpc:r050-a8341e80-987f-40aa-bf20-07bde38a0b14",
            "vpc": "r050-a8341e80-987f-40aa-bf20-07bde38a0b14",
            "zone": "eu-es-3"
          },
          "sensitive_attributes": [],
          "private": "bnVsbA==",
          "dependencies": [
            "ibm_is_vpc.vpc",
            "ibm_resource_group.rg"
          ]
        }
      ]
    },
    {
      "mode": "managed",
      "type": "ibm_is_vpc_address_prefix",
      "name": "ip_prefix3",
      "provider": "provider[\"registry.terraform.io/ibm-cloud/ibm\"]",
      "instances": [
        {
          "schema_version": 0,
          "attributes": {
            "address_prefix": "r050-ed55493b-26cd-48c8-92f3-d1dcb4366fff",
            "cidr": "10.243.128.0/24",
            "has_subnets": false,
            "id": "r050-a8341e80-987f-40aa-bf20-07bde38a0b14/r050-ed55493b-26cd-48c8-92f3-d1dcb4366fff",
            "is_default": false,
            "name": "address-prefix-3",
            "related_crn": "crn:v1:bluemix:public:is:eu-es:a/9036c2487a7b4d928475d4d1ddc3731b::vpc:r050-a8341e80-987f-40aa-bf20-07bde38a0b14",
            "vpc": "r050-a8341e80-987f-40aa-bf20-07bde38a0b14",
            "zone": "eu-es-3"
          },
          "sensitive_attributes": [],
          "private": "bnVsbA==",
          "dependencies": [
            "ibm_is_vpc.vpc",
            "ibm_resource_group.rg"
          ]
        }
      ]
    },
    {
      "mode": "managed",
      "type": "ibm_resource_group",
      "name": "rg",
      "provider": "provider[\"registry.terraform.io/ibm-cloud/ibm\"]",
      "instances": [
        {
          "schema_version": 0,
          "attributes": {
            "created_at": "2024-10-18T12:52:08.410Z",
            "crn": "crn:v1:bluemix:public:resource-controller::a/9036c2487a7b4d928475d4d1ddc3731b::resource-group:7d6c2a6a751b4b7f9633ebab8f454f37",
            "default": false,
            "id": "7d6c2a6a751b4b7f9633ebab8f454f37",
            "name": "rg-poc-2",
            "payment_methods_url": null,
            "quota_id": "a3d7b8d01e261c24677937c29ab33f3c",
            "quota_url": "/v2/quota_definitions/a3d7b8d01e261c24677937c29ab33f3c",
            "resource_linkages": [],
            "state": "ACTIVE",
            "tags": null,
            "teams_url": null,
            "timeouts": null,
            "updated_at": "2024-10-18T12:52:08.410Z"
          },
          "sensitive_attributes": [],
          "private": "eyJlMmJmYjczMC1lY2FhLTExZTYtOGY4OC0zNDM2M2JjN2M0YzAiOnsiZGVsZXRlIjoxMjAwMDAwMDAwMDAwfX0="
        }
      ]
    }
  ],
  "check_results": null
}
