{
  "version": 4,
  "terraform_version": "1.9.3",
  "serial": 355,
  "lineage": "dff01c50-4dcf-8204-599a-35f7d8863232",
  "outputs": {},
  "resources": [
    {
      "mode": "managed",
      "type": "ibm_is_floating_ip",
      "name": "fip1",
      "provider": "provider[\"registry.terraform.io/ibm-cloud/ibm\"]",
      "instances": [
        {
          "schema_version": 0,
          "attributes": {
            "access_tags": [],
            "address": "13.121.82.65",
            "crn": "crn:v1:bluemix:public:is:eu-es-2:a/9036c2487a7b4d928475d4d1ddc3731b::floating-ip:r050-e3958ea7-cd4d-40d7-87a4-5a49c7222195",
            "id": "r050-e3958ea7-cd4d-40d7-87a4-5a49c7222195",
            "name": "ha-proxi-external-fip1",
            "resource_controller_url": "https://cloud.ibm.com/vpc-ext/network/floatingIPs",
            "resource_crn": "crn:v1:bluemix:public:is:eu-es-2:a/9036c2487a7b4d928475d4d1ddc3731b::floating-ip:r050-e3958ea7-cd4d-40d7-87a4-5a49c7222195",
            "resource_group": "dea30e950af34bffab48a1f0e4b25d5c",
            "resource_group_name": "Default",
            "resource_name": "ha-proxi-external-fip1",
            "resource_status": "available",
            "status": "available",
            "tags": [],
            "target": "02x7-c338491c-baac-40ce-b442-d08ed20ac40b",
            "target_list": [
              {
                "crn": "",
                "deleted": [],
                "href": "https://eu-es.iaas.cloud.ibm.com/v1/instances/02x7_78af5c36-6c77-41fd-ba7e-338c41fc8daf/network_interfaces/02x7-c338491c-baac-40ce-b442-d08ed20ac40b",
                "id": "02x7-c338491c-baac-40ce-b442-d08ed20ac40b",
                "name": "ha-proxi-external-mad2-sn1",
                "primary_ip": [
                  {
                    "address": "10.243.0.4",
                    "href": "https://eu-es.iaas.cloud.ibm.com/v1/subnets/02x7-6212d82d-0783-4250-8e86-59fc3ce8492e/reserved_ips/02x7-b8d87bb2-4dad-49d8-a29f-119631f14d15",
                    "name": "thicken-swapping-grumpily-overcome",
                    "reserved_ip": "02x7-b8d87bb2-4dad-49d8-a29f-119631f14d15",
                    "resource_type": "subnet_reserved_ip"
                  }
                ],
                "resource_type": "network_interface"
              }
            ],
            "timeouts": null,
            "zone": "eu-es-2"
          },
          "sensitive_attributes": [],
          "private": "eyJlMmJmYjczMC1lY2FhLTExZTYtOGY4OC0zNDM2M2JjN2M0YzAiOnsiY3JlYXRlIjo2MDAwMDAwMDAwMDAsImRlbGV0ZSI6NjAwMDAwMDAwMDAwfX0="
        }
      ]
    },
    {
      "mode": "managed",
      "type": "ibm_is_instance",
      "name": "ha-proxi-external-mad2-inst",
      "provider": "provider[\"registry.terraform.io/ibm-cloud/ibm\"]",
      "instances": [
        {
          "schema_version": 0,
          "attributes": {
            "access_tags": [],
            "action": null,
            "auto_delete_volume": null,
            "availability_policy_host_failure": "restart",
            "bandwidth": 8000,
            "boot_volume": [
              {
                "auto_delete_volume": true,
                "encryption": "",
                "iops": 3000,
                "name": "geranium-elastic-unshaken-country",
                "profile": "general-purpose",
                "size": 100,
                "snapshot": "",
                "snapshot_crn": "",
                "tags": [],
                "volume_id": "r050-4adca3d9-b4fd-4314-b316-4af818f6fda9"
              }
            ],
            "catalog_offering": [],
            "cluster_network": [],
            "cluster_network_attachments": [],
            "confidential_compute_mode": "disabled",
            "crn": "crn:v1:bluemix:public:is:eu-es-2:a/9036c2487a7b4d928475d4d1ddc3731b::instance:02x7_4147dc01-c176-4a4b-8bcd-17fcc0d6ac2e",
            "dedicated_host": null,
            "dedicated_host_group": null,
            "default_trusted_profile_auto_link": null,
            "default_trusted_profile_target": null,
            "disks": [],
            "enable_secure_boot": false,
            "force_action": false,
            "force_recovery_time": null,
            "gpu": [],
            "health_reasons": [],
            "health_state": "ok",
            "id": "02x7_4147dc01-c176-4a4b-8bcd-17fcc0d6ac2e",
            "image": "r050-19e869f7-3d76-4fd4-8f71-91595a7b44a8",
            "instance_template": null,
            "keys": [
              "r050-f51725ea-1996-49e4-ba67-29f7d8bf101e"
            ],
            "lifecycle_reasons": [],
            "lifecycle_state": "stable",
            "memory": 16,
            "metadata_service": [
              {
                "enabled": false,
                "protocol": "http",
                "response_hop_limit": 1
              }
            ],
            "metadata_service_enabled": false,
            "name": "ha-proxi-external-mad2",
            "network_attachments": [],
            "network_interfaces": [],
            "numa_count": 2,
            "placement_group": null,
            "placement_target": [],
            "primary_network_attachment": [],
            "primary_network_interface": [
              {
                "allow_ip_spoofing": false,
                "id": "02x7-611bdf37-abf9-433b-8baa-1df2e5fd07a6",
                "name": "ha-proxi-external-mad2-sn2",
                "port_speed": 6000,
                "primary_ip": [
                  {
                    "address": "10.243.64.4",
                    "auto_delete": true,
                    "href": "https://eu-es.iaas.cloud.ibm.com/v1/subnets/02x7-99e1b12c-14e4-4320-88a0-14805a39719c/reserved_ips/02x7-bb474b0d-ce4b-45d4-8e7a-575b9b85faea",
                    "name": "chamber-yearbook-splendor-unsubtle",
                    "reserved_ip": "02x7-bb474b0d-ce4b-45d4-8e7a-575b9b85faea",
                    "resource_type": "subnet_reserved_ip"
                  }
                ],
                "primary_ipv4_address": "10.243.64.4",
                "security_groups": [
                  "r050-d60216fc-5d23-4630-90ef-cd217564a7e3"
                ],
                "subnet": "02x7-99e1b12c-14e4-4320-88a0-14805a39719c"
              }
            ],
            "profile": "bx2-4x16",
            "reservation": [],
            "reservation_affinity": [
              {
                "policy": "automatic",
                "pool": []
              }
            ],
            "resource_controller_url": "https://cloud.ibm.com/vpc-ext/compute/vs",
            "resource_crn": "crn:v1:bluemix:public:is:eu-es-2:a/9036c2487a7b4d928475d4d1ddc3731b::instance:02x7_4147dc01-c176-4a4b-8bcd-17fcc0d6ac2e",
            "resource_group": "6ab068e84d3745478a4b11f6cf67534f",
            "resource_group_name": "rg-poc-es",
            "resource_name": "ha-proxi-external-mad2",
            "resource_status": "running",
            "status": "running",
            "status_reasons": [],
            "tags": [],
            "timeouts": null,
            "total_network_bandwidth": 6000,
            "total_volume_bandwidth": 2000,
            "user_data": null,
            "vcpu": [
              {
                "architecture": "amd64",
                "count": 4,
                "manufacturer": "intel"
              }
            ],
            "volume_attachments": [
              {
                "id": "02x7-d0c6f256-dde8-4c1b-b121-1253e0353c10",
                "name": "magnitude-plentiful-margarita-apartment",
                "volume_crn": "crn:v1:bluemix:public:is:eu-es-2:a/9036c2487a7b4d928475d4d1ddc3731b::volume:r050-4adca3d9-b4fd-4314-b316-4af818f6fda9",
                "volume_id": "r050-4adca3d9-b4fd-4314-b316-4af818f6fda9",
                "volume_name": "geranium-elastic-unshaken-country"
              }
            ],
            "volume_prototypes": [],
            "volumes": null,
            "vpc": "r050-95a42ff5-fd31-453c-ba05-216f93c5efdb",
            "wait_before_delete": true,
            "zone": "eu-es-2"
          },
          "sensitive_attributes": [],
          "private": "eyJlMmJmYjczMC1lY2FhLTExZTYtOGY4OC0zNDM2M2JjN2M0YzAiOnsiY3JlYXRlIjoxODAwMDAwMDAwMDAwLCJkZWxldGUiOjE4MDAwMDAwMDAwMDAsInVwZGF0ZSI6MTgwMDAwMDAwMDAwMH19",
          "dependencies": [
            "ibm_is_security_group.security_group_inst",
            "ibm_is_ssh_key.sshpubkey",
            "ibm_is_subnet.subnet2",
            "ibm_is_vpc.vpc",
            "ibm_is_vpc_address_prefix.ip_prefix2",
            "ibm_resource_group.rg"
          ]
        }
      ]
    },
    {
      "mode": "managed",
      "type": "ibm_is_instance_network_interface_floating_ip",
      "name": "ha-proxi-external-mad2-inst-float",
      "provider": "provider[\"registry.terraform.io/ibm-cloud/ibm\"]",
      "instances": [
        {
          "schema_version": 0,
          "attributes": {
            "address": "13.121.82.65",
            "crn": "crn:v1:bluemix:public:is:eu-es-2:a/9036c2487a7b4d928475d4d1ddc3731b::floating-ip:r050-e3958ea7-cd4d-40d7-87a4-5a49c7222195",
            "floating_ip": "r050-e3958ea7-cd4d-40d7-87a4-5a49c7222195",
            "id": "02x7_4147dc01-c176-4a4b-8bcd-17fcc0d6ac2e/02x7-611bdf37-abf9-433b-8baa-1df2e5fd07a6/r050-e3958ea7-cd4d-40d7-87a4-5a49c7222195",
            "instance": "02x7_4147dc01-c176-4a4b-8bcd-17fcc0d6ac2e",
            "name": "ha-proxi-external-fip1",
            "network_interface": "02x7-611bdf37-abf9-433b-8baa-1df2e5fd07a6",
            "status": "available",
            "target": "02x7-611bdf37-abf9-433b-8baa-1df2e5fd07a6",
            "timeouts": null,
            "zone": "eu-es-2"
          },
          "sensitive_attributes": [],
          "private": "eyJlMmJmYjczMC1lY2FhLTExZTYtOGY4OC0zNDM2M2JjN2M0YzAiOnsiY3JlYXRlIjo2MDAwMDAwMDAwMDAsImRlbGV0ZSI6NjAwMDAwMDAwMDAwLCJ1cGRhdGUiOjYwMDAwMDAwMDAwMH19",
          "dependencies": [
            "ibm_is_floating_ip.fip1",
            "ibm_is_instance.ha-proxi-external-mad2-inst",
            "ibm_is_security_group.security_group_inst",
            "ibm_is_ssh_key.sshpubkey",
            "ibm_is_subnet.subnet2",
            "ibm_is_vpc.vpc",
            "ibm_is_vpc_address_prefix.ip_prefix2",
            "ibm_resource_group.rg"
          ]
        }
      ]
    },
    {
      "mode": "managed",
      "type": "ibm_is_security_group",
      "name": "security_group_inst",
      "provider": "provider[\"registry.terraform.io/ibm-cloud/ibm\"]",
      "instances": [
        {
          "schema_version": 0,
          "attributes": {
            "access_tags": [],
            "crn": "crn:v1:bluemix:public:is:eu-es:a/9036c2487a7b4d928475d4d1ddc3731b::security-group:r050-d60216fc-5d23-4630-90ef-cd217564a7e3",
            "id": "r050-d60216fc-5d23-4630-90ef-cd217564a7e3",
            "name": "sg-vpc-poc-es",
            "resource_controller_url": "https://cloud.ibm.com/vpc-ext/network/securityGroups",
            "resource_crn": "crn:v1:bluemix:public:is:eu-es:a/9036c2487a7b4d928475d4d1ddc3731b::security-group:r050-d60216fc-5d23-4630-90ef-cd217564a7e3",
            "resource_group": "6ab068e84d3745478a4b11f6cf67534f",
            "resource_group_name": "rg-poc-es",
            "resource_name": "sg-vpc-poc-es",
            "rules": [
              {
                "code": 0,
                "direction": "inbound",
                "ip_version": "ipv4",
                "local": "0.0.0.0/0",
                "port_max": 80,
                "port_min": 80,
                "protocol": "tcp",
                "remote": "0.0.0.0/0",
                "type": 0
              },
              {
                "code": 0,
                "direction": "outbound",
                "ip_version": "ipv4",
                "local": "0.0.0.0/0",
                "port_max": 65535,
                "port_min": 1,
                "protocol": "udp",
                "remote": "0.0.0.0/0",
                "type": 0
              },
              {
                "code": 0,
                "direction": "inbound",
                "ip_version": "ipv4",
                "local": "0.0.0.0/0",
                "port_max": 443,
                "port_min": 443,
                "protocol": "tcp",
                "remote": "0.0.0.0/0",
                "type": 0
              },
              {
                "code": 0,
                "direction": "inbound",
                "ip_version": "ipv4",
                "local": "0.0.0.0/0",
                "port_max": 22,
                "port_min": 22,
                "protocol": "tcp",
                "remote": "0.0.0.0/0",
                "type": 0
              },
              {
                "code": 0,
                "direction": "outbound",
                "ip_version": "ipv4",
                "local": "0.0.0.0/0",
                "port_max": 65535,
                "port_min": 1,
                "protocol": "tcp",
                "remote": "0.0.0.0/0",
                "type": 0
              }
            ],
            "tags": [],
            "timeouts": null,
            "vpc": "r050-95a42ff5-fd31-453c-ba05-216f93c5efdb"
          },
          "sensitive_attributes": [],
          "private": "eyJlMmJmYjczMC1lY2FhLTExZTYtOGY4OC0zNDM2M2JjN2M0YzAiOnsiY3JlYXRlIjo2MDAwMDAwMDAwMDAsImRlbGV0ZSI6NjAwMDAwMDAwMDAwfX0=",
          "dependencies": [
            "ibm_is_vpc.vpc",
            "ibm_resource_group.rg"
          ]
        }
      ]
    },
    {
      "mode": "managed",
      "type": "ibm_is_security_group_rule",
      "name": "ibm_is_security_group_rule-inbound-alltcp",
      "provider": "provider[\"registry.terraform.io/ibm-cloud/ibm\"]",
      "instances": [
        {
          "schema_version": 0,
          "attributes": {
            "direction": "outbound",
            "group": "r050-d60216fc-5d23-4630-90ef-cd217564a7e3",
            "icmp": [],
            "id": "r050-d60216fc-5d23-4630-90ef-cd217564a7e3.r050-bff22f97-f9e1-4903-ac2b-9dc1d1a1665e",
            "ip_version": "ipv4",
            "local": "0.0.0.0/0",
            "protocol": "tcp",
            "related_crn": "crn:v1:bluemix:public:is:eu-es:a/9036c2487a7b4d928475d4d1ddc3731b::security-group:r050-d60216fc-5d23-4630-90ef-cd217564a7e3",
            "remote": "0.0.0.0/0",
            "rule_id": "r050-bff22f97-f9e1-4903-ac2b-9dc1d1a1665e",
            "tcp": [
              {
                "port_max": 65535,
                "port_min": 1
              }
            ],
            "udp": []
          },
          "sensitive_attributes": [],
          "private": "bnVsbA==",
          "dependencies": [
            "ibm_is_security_group.security_group_inst",
            "ibm_is_vpc.vpc",
            "ibm_resource_group.rg"
          ]
        }
      ]
    },
    {
      "mode": "managed",
      "type": "ibm_is_security_group_rule",
      "name": "ibm_is_security_group_rule-inbound-alludp",
      "provider": "provider[\"registry.terraform.io/ibm-cloud/ibm\"]",
      "instances": [
        {
          "schema_version": 0,
          "attributes": {
            "direction": "outbound",
            "group": "r050-d60216fc-5d23-4630-90ef-cd217564a7e3",
            "icmp": [],
            "id": "r050-d60216fc-5d23-4630-90ef-cd217564a7e3.r050-8e751cb4-8e04-4a3c-bb9e-5902ebccdd73",
            "ip_version": "ipv4",
            "local": "0.0.0.0/0",
            "protocol": "udp",
            "related_crn": "crn:v1:bluemix:public:is:eu-es:a/9036c2487a7b4d928475d4d1ddc3731b::security-group:r050-d60216fc-5d23-4630-90ef-cd217564a7e3",
            "remote": "0.0.0.0/0",
            "rule_id": "r050-8e751cb4-8e04-4a3c-bb9e-5902ebccdd73",
            "tcp": [],
            "udp": [
              {
                "port_max": 65535,
                "port_min": 1
              }
            ]
          },
          "sensitive_attributes": [],
          "private": "bnVsbA==",
          "dependencies": [
            "ibm_is_security_group.security_group_inst",
            "ibm_is_vpc.vpc",
            "ibm_resource_group.rg"
          ]
        }
      ]
    },
    {
      "mode": "managed",
      "type": "ibm_is_security_group_rule",
      "name": "ibm_is_security_group_rule-inbound-http",
      "provider": "provider[\"registry.terraform.io/ibm-cloud/ibm\"]",
      "instances": [
        {
          "schema_version": 0,
          "attributes": {
            "direction": "inbound",
            "group": "r050-d60216fc-5d23-4630-90ef-cd217564a7e3",
            "icmp": [],
            "id": "r050-d60216fc-5d23-4630-90ef-cd217564a7e3.r050-7ea15601-45e5-48a7-9aa5-b85f4f038f92",
            "ip_version": "ipv4",
            "local": "0.0.0.0/0",
            "protocol": "tcp",
            "related_crn": "crn:v1:bluemix:public:is:eu-es:a/9036c2487a7b4d928475d4d1ddc3731b::security-group:r050-d60216fc-5d23-4630-90ef-cd217564a7e3",
            "remote": "0.0.0.0/0",
            "rule_id": "r050-7ea15601-45e5-48a7-9aa5-b85f4f038f92",
            "tcp": [
              {
                "port_max": 80,
                "port_min": 80
              }
            ],
            "udp": []
          },
          "sensitive_attributes": [],
          "private": "bnVsbA==",
          "dependencies": [
            "ibm_is_security_group.security_group_inst",
            "ibm_is_vpc.vpc",
            "ibm_resource_group.rg"
          ]
        }
      ]
    },
    {
      "mode": "managed",
      "type": "ibm_is_security_group_rule",
      "name": "ibm_is_security_group_rule-inbound-https",
      "provider": "provider[\"registry.terraform.io/ibm-cloud/ibm\"]",
      "instances": [
        {
          "schema_version": 0,
          "attributes": {
            "direction": "inbound",
            "group": "r050-d60216fc-5d23-4630-90ef-cd217564a7e3",
            "icmp": [],
            "id": "r050-d60216fc-5d23-4630-90ef-cd217564a7e3.r050-cb7ad0bd-c1d3-4585-9de0-33ec1bcb8120",
            "ip_version": "ipv4",
            "local": "0.0.0.0/0",
            "protocol": "tcp",
            "related_crn": "crn:v1:bluemix:public:is:eu-es:a/9036c2487a7b4d928475d4d1ddc3731b::security-group:r050-d60216fc-5d23-4630-90ef-cd217564a7e3",
            "remote": "0.0.0.0/0",
            "rule_id": "r050-cb7ad0bd-c1d3-4585-9de0-33ec1bcb8120",
            "tcp": [
              {
                "port_max": 443,
                "port_min": 443
              }
            ],
            "udp": []
          },
          "sensitive_attributes": [],
          "private": "bnVsbA==",
          "dependencies": [
            "ibm_is_security_group.security_group_inst",
            "ibm_is_vpc.vpc",
            "ibm_resource_group.rg"
          ]
        }
      ]
    },
    {
      "mode": "managed",
      "type": "ibm_is_security_group_rule",
      "name": "ibm_is_security_group_rule-inbound-ssh",
      "provider": "provider[\"registry.terraform.io/ibm-cloud/ibm\"]",
      "instances": [
        {
          "schema_version": 0,
          "attributes": {
            "direction": "inbound",
            "group": "r050-d60216fc-5d23-4630-90ef-cd217564a7e3",
            "icmp": [],
            "id": "r050-d60216fc-5d23-4630-90ef-cd217564a7e3.r050-edb8ae84-61db-4356-9709-434e5996ac82",
            "ip_version": "ipv4",
            "local": "0.0.0.0/0",
            "protocol": "tcp",
            "related_crn": "crn:v1:bluemix:public:is:eu-es:a/9036c2487a7b4d928475d4d1ddc3731b::security-group:r050-d60216fc-5d23-4630-90ef-cd217564a7e3",
            "remote": "0.0.0.0/0",
            "rule_id": "r050-edb8ae84-61db-4356-9709-434e5996ac82",
            "tcp": [
              {
                "port_max": 22,
                "port_min": 22
              }
            ],
            "udp": []
          },
          "sensitive_attributes": [],
          "private": "bnVsbA==",
          "dependencies": [
            "ibm_is_security_group.security_group_inst",
            "ibm_is_vpc.vpc",
            "ibm_resource_group.rg"
          ]
        }
      ]
    },
    {
      "mode": "managed",
      "type": "ibm_is_ssh_key",
      "name": "sshpubkey",
      "provider": "provider[\"registry.terraform.io/ibm-cloud/ibm\"]",
      "instances": [
        {
          "schema_version": 0,
          "attributes": {
            "access_tags": [],
            "crn": "crn:v1:bluemix:public:is:eu-es:a/9036c2487a7b4d928475d4d1ddc3731b::key:r050-f51725ea-1996-49e4-ba67-29f7d8bf101e",
            "fingerprint": "SHA256:cEbU3EQwNAFa5YvzfXK803sJk9NHul3BYpC4LhNzCqY",
            "id": "r050-f51725ea-1996-49e4-ba67-29f7d8bf101e",
            "length": 2048,
            "name": "userpubsshkeyname",
            "public_key": "ssh-rsa AAAAB3NzaC1yc2EAAAADAQABAAABAQDr1WjBLVQISq7qnZSIPtPtQRGTeDLnjM7XBWiM0+32G+KtRI3pcaYNHBlhAkYlYI/GUYtQjszvKotEZIenxLGWc0WjAFcMfQwDa2vsJxDaVV7W99tYmY4Pow8IKp1U76XuHiQppAX+mciF5bVoPxYt8tjlexBsaHZ6Ek7wCmC0k6mpK77fQfmSKTxp3DfweTmwAtNB0PUcVxgAzvLZ7/nMb0WsTd8qdeP/6Tf4G5/oNjE4tKZ2rYCS8EDYKNkxZcqLHiM5hQHpMyg6K60SbY3DfJr8bsWYQu+neZqYoKogKTs3MvC6cysFKN1usWg8m7oICnV1Je/lR/u3zu0/Wnvb",
            "resource_controller_url": "https://cloud.ibm.com/vpc-ext/compute/sshKeys",
            "resource_crn": "crn:v1:bluemix:public:is:eu-es:a/9036c2487a7b4d928475d4d1ddc3731b::key:r050-f51725ea-1996-49e4-ba67-29f7d8bf101e",
            "resource_group": "6ab068e84d3745478a4b11f6cf67534f",
            "resource_group_name": "rg-poc-es",
            "resource_name": "userpubsshkeyname",
            "tags": [],
            "type": "rsa"
          },
          "sensitive_attributes": [],
          "private": "bnVsbA==",
          "dependencies": [
            "ibm_resource_group.rg"
          ]
        }
      ]
    },
    {
      "mode": "managed",
      "type": "ibm_is_subnet",
      "name": "subnet1",
      "provider": "provider[\"registry.terraform.io/ibm-cloud/ibm\"]",
      "instances": [
        {
          "schema_version": 0,
          "attributes": {
            "access_tags": [],
            "available_ipv4_address_count": 250,
            "crn": "crn:v1:bluemix:public:is:eu-es-2:a/9036c2487a7b4d928475d4d1ddc3731b::subnet:02x7-6212d82d-0783-4250-8e86-59fc3ce8492e",
            "id": "02x7-6212d82d-0783-4250-8e86-59fc3ce8492e",
            "ip_version": "ipv4",
            "ipv4_cidr_block": "10.243.0.0/24",
            "name": "subnet-1",
            "network_acl": "r050-0bb8ac00-02cf-4fde-90e1-9786909ba9bb",
            "public_gateway": "",
            "resource_controller_url": "https://cloud.ibm.com/vpc-ext/network/subnets",
            "resource_crn": "crn:v1:bluemix:public:is:eu-es-2:a/9036c2487a7b4d928475d4d1ddc3731b::subnet:02x7-6212d82d-0783-4250-8e86-59fc3ce8492e",
            "resource_group": "dea30e950af34bffab48a1f0e4b25d5c",
            "resource_group_name": "Default",
            "resource_name": "subnet-1",
            "resource_status": "available",
            "routing_table": "r050-35d2e584-f6a7-4e2a-a304-cce5569dcb7b",
            "routing_table_crn": "crn:v1:bluemix:public:is:eu-es:a/9036c2487a7b4d928475d4d1ddc3731b::vpc-routing-table:r050-95a42ff5-fd31-453c-ba05-216f93c5efdb/r050-35d2e584-f6a7-4e2a-a304-cce5569dcb7b",
            "status": "available",
            "tags": [],
            "timeouts": null,
            "total_ipv4_address_count": 256,
            "vpc": "r050-95a42ff5-fd31-453c-ba05-216f93c5efdb",
            "zone": "eu-es-2"
          },
          "sensitive_attributes": [],
          "private": "eyJlMmJmYjczMC1lY2FhLTExZTYtOGY4OC0zNDM2M2JjN2M0YzAiOnsiY3JlYXRlIjo2MDAwMDAwMDAwMDAsImRlbGV0ZSI6NjAwMDAwMDAwMDAwLCJ1cGRhdGUiOjYwMDAwMDAwMDAwMH19",
          "dependencies": [
            "ibm_is_vpc.vpc",
            "ibm_is_vpc_address_prefix.ip_prefix1",
            "ibm_resource_group.rg"
          ]
        }
      ]
    },
    {
      "mode": "managed",
      "type": "ibm_is_subnet",
      "name": "subnet2",
      "provider": "provider[\"registry.terraform.io/ibm-cloud/ibm\"]",
      "instances": [
        {
          "schema_version": 0,
          "attributes": {
            "access_tags": [],
            "available_ipv4_address_count": 251,
            "crn": "crn:v1:bluemix:public:is:eu-es-2:a/9036c2487a7b4d928475d4d1ddc3731b::subnet:02x7-99e1b12c-14e4-4320-88a0-14805a39719c",
            "id": "02x7-99e1b12c-14e4-4320-88a0-14805a39719c",
            "ip_version": "ipv4",
            "ipv4_cidr_block": "10.243.64.0/24",
            "name": "subnet-2",
            "network_acl": "r050-0bb8ac00-02cf-4fde-90e1-9786909ba9bb",
            "public_gateway": "",
            "resource_controller_url": "https://cloud.ibm.com/vpc-ext/network/subnets",
            "resource_crn": "crn:v1:bluemix:public:is:eu-es-2:a/9036c2487a7b4d928475d4d1ddc3731b::subnet:02x7-99e1b12c-14e4-4320-88a0-14805a39719c",
            "resource_group": "dea30e950af34bffab48a1f0e4b25d5c",
            "resource_group_name": "Default",
            "resource_name": "subnet-2",
            "resource_status": "available",
            "routing_table": "r050-35d2e584-f6a7-4e2a-a304-cce5569dcb7b",
            "routing_table_crn": "crn:v1:bluemix:public:is:eu-es:a/9036c2487a7b4d928475d4d1ddc3731b::vpc-routing-table:r050-95a42ff5-fd31-453c-ba05-216f93c5efdb/r050-35d2e584-f6a7-4e2a-a304-cce5569dcb7b",
            "status": "available",
            "tags": [],
            "timeouts": null,
            "total_ipv4_address_count": 256,
            "vpc": "r050-95a42ff5-fd31-453c-ba05-216f93c5efdb",
            "zone": "eu-es-2"
          },
          "sensitive_attributes": [],
          "private": "eyJlMmJmYjczMC1lY2FhLTExZTYtOGY4OC0zNDM2M2JjN2M0YzAiOnsiY3JlYXRlIjo2MDAwMDAwMDAwMDAsImRlbGV0ZSI6NjAwMDAwMDAwMDAwLCJ1cGRhdGUiOjYwMDAwMDAwMDAwMH19",
          "dependencies": [
            "ibm_is_vpc.vpc",
            "ibm_is_vpc_address_prefix.ip_prefix2",
            "ibm_resource_group.rg"
          ]
        }
      ]
    },
    {
      "mode": "managed",
      "type": "ibm_is_subnet",
      "name": "subnet3",
      "provider": "provider[\"registry.terraform.io/ibm-cloud/ibm\"]",
      "instances": [
        {
          "schema_version": 0,
          "attributes": {
            "access_tags": [],
            "available_ipv4_address_count": 251,
            "crn": "crn:v1:bluemix:public:is:eu-es-2:a/9036c2487a7b4d928475d4d1ddc3731b::subnet:02x7-456765c1-3863-4baf-a036-9bd519c3f705",
            "id": "02x7-456765c1-3863-4baf-a036-9bd519c3f705",
            "ip_version": "ipv4",
            "ipv4_cidr_block": "10.243.128.0/24",
            "name": "subnet-3",
            "network_acl": "r050-0bb8ac00-02cf-4fde-90e1-9786909ba9bb",
            "public_gateway": "",
            "resource_controller_url": "https://cloud.ibm.com/vpc-ext/network/subnets",
            "resource_crn": "crn:v1:bluemix:public:is:eu-es-2:a/9036c2487a7b4d928475d4d1ddc3731b::subnet:02x7-456765c1-3863-4baf-a036-9bd519c3f705",
            "resource_group": "dea30e950af34bffab48a1f0e4b25d5c",
            "resource_group_name": "Default",
            "resource_name": "subnet-3",
            "resource_status": "available",
            "routing_table": "r050-35d2e584-f6a7-4e2a-a304-cce5569dcb7b",
            "routing_table_crn": "crn:v1:bluemix:public:is:eu-es:a/9036c2487a7b4d928475d4d1ddc3731b::vpc-routing-table:r050-95a42ff5-fd31-453c-ba05-216f93c5efdb/r050-35d2e584-f6a7-4e2a-a304-cce5569dcb7b",
            "status": "available",
            "tags": [],
            "timeouts": null,
            "total_ipv4_address_count": 256,
            "vpc": "r050-95a42ff5-fd31-453c-ba05-216f93c5efdb",
            "zone": "eu-es-2"
          },
          "sensitive_attributes": [],
          "private": "eyJlMmJmYjczMC1lY2FhLTExZTYtOGY4OC0zNDM2M2JjN2M0YzAiOnsiY3JlYXRlIjo2MDAwMDAwMDAwMDAsImRlbGV0ZSI6NjAwMDAwMDAwMDAwLCJ1cGRhdGUiOjYwMDAwMDAwMDAwMH19",
          "dependencies": [
            "ibm_is_vpc.vpc",
            "ibm_is_vpc_address_prefix.ip_prefix3",
            "ibm_resource_group.rg"
          ]
        }
      ]
    },
    {
      "mode": "managed",
      "type": "ibm_is_vpc",
      "name": "vpc",
      "provider": "provider[\"registry.terraform.io/ibm-cloud/ibm\"]",
      "instances": [
        {
          "schema_version": 0,
          "attributes": {
            "access_tags": [],
            "address_prefix_management": "manual",
            "classic_access": false,
            "crn": "crn:v1:bluemix:public:is:eu-es:a/9036c2487a7b4d928475d4d1ddc3731b::vpc:r050-95a42ff5-fd31-453c-ba05-216f93c5efdb",
            "cse_source_addresses": [
              {
                "address": "10.22.180.140",
                "zone_name": "eu-es-1"
              },
              {
                "address": "10.22.184.224",
                "zone_name": "eu-es-2"
              },
              {
                "address": "10.22.210.52",
                "zone_name": "eu-es-3"
              }
            ],
            "default_network_acl": "r050-0bb8ac00-02cf-4fde-90e1-9786909ba9bb",
            "default_network_acl_crn": "crn:v1:bluemix:public:is:eu-es:a/9036c2487a7b4d928475d4d1ddc3731b::network-acl:r050-0bb8ac00-02cf-4fde-90e1-9786909ba9bb",
            "default_network_acl_name": "paralegal-deputize-swaddling-sulfide",
            "default_routing_table": "r050-35d2e584-f6a7-4e2a-a304-cce5569dcb7b",
            "default_routing_table_crn": "crn:v1:bluemix:public:is:eu-es:a/9036c2487a7b4d928475d4d1ddc3731b::vpc-routing-table:r050-95a42ff5-fd31-453c-ba05-216f93c5efdb/r050-35d2e584-f6a7-4e2a-a304-cce5569dcb7b",
            "default_routing_table_name": "ashes-cession-managing-yelling",
            "default_security_group": "r050-8eb56739-80e7-441f-a7b4-2e9ce63240f6",
            "default_security_group_crn": "crn:v1:bluemix:public:is:eu-es:a/9036c2487a7b4d928475d4d1ddc3731b::security-group:r050-8eb56739-80e7-441f-a7b4-2e9ce63240f6",
            "default_security_group_name": "discover-droop-snowdrift-ocean",
            "dns": [
              {
                "enable_hub": false,
                "resolution_binding_count": 0,
                "resolver": [
                  {
                    "configuration": "default",
                    "dns_binding_id": "",
                    "dns_binding_name": "",
                    "manual_servers": [],
                    "servers": [
                      {
                        "address": "161.26.0.10",
                        "zone_affinity": ""
                      },
                      {
                        "address": "161.26.0.11",
                        "zone_affinity": ""
                      }
                    ],
                    "type": "system",
                    "vpc_crn": "",
                    "vpc_id": "",
                    "vpc_name": "",
                    "vpc_remote_account_id": "",
                    "vpc_remote_region": ""
                  }
                ]
              }
            ],
            "health_reasons": [],
            "health_state": "ok",
            "id": "r050-95a42ff5-fd31-453c-ba05-216f93c5efdb",
            "name": "vpc-poc-es",
            "no_sg_acl_rules": false,
            "resource_controller_url": "https://cloud.ibm.com/vpc-ext/network/vpcs",
            "resource_crn": "crn:v1:bluemix:public:is:eu-es:a/9036c2487a7b4d928475d4d1ddc3731b::vpc:r050-95a42ff5-fd31-453c-ba05-216f93c5efdb",
            "resource_group": "6ab068e84d3745478a4b11f6cf67534f",
            "resource_group_name": "rg-poc-es",
            "resource_name": "vpc-poc-es",
            "resource_status": "available",
            "security_group": [
              {
                "group_id": "r050-d60216fc-5d23-4630-90ef-cd217564a7e3",
                "group_name": "sg-vpc-poc-es",
                "rules": [
                  {
                    "code": 0,
                    "direction": "inbound",
                    "ip_version": "ipv4",
                    "port_max": 80,
                    "port_min": 80,
                    "protocol": "tcp",
                    "remote": "0.0.0.0/0",
                    "rule_id": "r050-7ea15601-45e5-48a7-9aa5-b85f4f038f92",
                    "type": 0
                  },
                  {
                    "code": 0,
                    "direction": "outbound",
                    "ip_version": "ipv4",
                    "port_max": 65535,
                    "port_min": 1,
                    "protocol": "udp",
                    "remote": "0.0.0.0/0",
                    "rule_id": "r050-8e751cb4-8e04-4a3c-bb9e-5902ebccdd73",
                    "type": 0
                  },
                  {
                    "code": 0,
                    "direction": "inbound",
                    "ip_version": "ipv4",
                    "port_max": 443,
                    "port_min": 443,
                    "protocol": "tcp",
                    "remote": "0.0.0.0/0",
                    "rule_id": "r050-cb7ad0bd-c1d3-4585-9de0-33ec1bcb8120",
                    "type": 0
                  },
                  {
                    "code": 0,
                    "direction": "inbound",
                    "ip_version": "ipv4",
                    "port_max": 22,
                    "port_min": 22,
                    "protocol": "tcp",
                    "remote": "0.0.0.0/0",
                    "rule_id": "r050-edb8ae84-61db-4356-9709-434e5996ac82",
                    "type": 0
                  },
                  {
                    "code": 0,
                    "direction": "outbound",
                    "ip_version": "ipv4",
                    "port_max": 65535,
                    "port_min": 1,
                    "protocol": "tcp",
                    "remote": "0.0.0.0/0",
                    "rule_id": "r050-bff22f97-f9e1-4903-ac2b-9dc1d1a1665e",
                    "type": 0
                  }
                ]
              },
              {
                "group_id": "r050-8eb56739-80e7-441f-a7b4-2e9ce63240f6",
                "group_name": "discover-droop-snowdrift-ocean",
                "rules": [
                  {
                    "code": 0,
                    "direction": "outbound",
                    "ip_version": "ipv4",
                    "port_max": 0,
                    "port_min": 0,
                    "protocol": "all",
                    "remote": "0.0.0.0/0",
                    "rule_id": "r050-a4ba73a0-ff9a-4a7d-a551-fce5e1affd06",
                    "type": 0
                  },
                  {
                    "code": 0,
                    "direction": "inbound",
                    "ip_version": "ipv4",
                    "port_max": 0,
                    "port_min": 0,
                    "protocol": "all",
                    "remote": "r050-8eb56739-80e7-441f-a7b4-2e9ce63240f6",
                    "rule_id": "r050-d8ec7a87-daeb-432a-bf80-394aaacc093f",
                    "type": 0
                  }
                ]
              }
            ],
            "status": "available",
            "subnets": [
              {
                "available_ipv4_address_count": 250,
                "id": "02x7-6212d82d-0783-4250-8e86-59fc3ce8492e",
                "name": "subnet-1",
                "status": "available",
                "total_ipv4_address_count": 256,
                "zone": "eu-es-2"
              },
              {
                "available_ipv4_address_count": 251,
                "id": "02x7-456765c1-3863-4baf-a036-9bd519c3f705",
                "name": "subnet-3",
                "status": "available",
                "total_ipv4_address_count": 256,
                "zone": "eu-es-2"
              },
              {
                "available_ipv4_address_count": 251,
                "id": "02x7-99e1b12c-14e4-4320-88a0-14805a39719c",
                "name": "subnet-2",
                "status": "available",
                "total_ipv4_address_count": 256,
                "zone": "eu-es-2"
              }
            ],
            "tags": [],
            "timeouts": null
          },
          "sensitive_attributes": [],
          "private": "eyJlMmJmYjczMC1lY2FhLTExZTYtOGY4OC0zNDM2M2JjN2M0YzAiOnsiY3JlYXRlIjo2MDAwMDAwMDAwMDAsImRlbGV0ZSI6NjAwMDAwMDAwMDAwfX0=",
          "dependencies": [
            "ibm_resource_group.rg"
          ]
        }
      ]
    },
    {
      "mode": "managed",
      "type": "ibm_is_vpc_address_prefix",
      "name": "ip_prefix1",
      "provider": "provider[\"registry.terraform.io/ibm-cloud/ibm\"]",
      "instances": [
        {
          "schema_version": 0,
          "attributes": {
            "address_prefix": "r050-159e61b8-e1e6-48f3-a405-82ced5af6bfc",
            "cidr": "10.243.0.0/24",
            "has_subnets": true,
            "id": "r050-95a42ff5-fd31-453c-ba05-216f93c5efdb/r050-159e61b8-e1e6-48f3-a405-82ced5af6bfc",
            "is_default": false,
            "name": "address-prefix-1",
            "related_crn": "crn:v1:bluemix:public:is:eu-es:a/9036c2487a7b4d928475d4d1ddc3731b::vpc:r050-95a42ff5-fd31-453c-ba05-216f93c5efdb",
            "vpc": "r050-95a42ff5-fd31-453c-ba05-216f93c5efdb",
            "zone": "eu-es-2"
          },
          "sensitive_attributes": [],
          "private": "bnVsbA==",
          "dependencies": [
            "ibm_is_vpc.vpc",
            "ibm_resource_group.rg"
          ]
        }
      ]
    },
    {
      "mode": "managed",
      "type": "ibm_is_vpc_address_prefix",
      "name": "ip_prefix2",
      "provider": "provider[\"registry.terraform.io/ibm-cloud/ibm\"]",
      "instances": [
        {
          "schema_version": 0,
          "attributes": {
            "address_prefix": "r050-1abd1c70-5480-41c3-b8a2-d90d2bdeff60",
            "cidr": "10.243.64.0/24",
            "has_subnets": true,
            "id": "r050-95a42ff5-fd31-453c-ba05-216f93c5efdb/r050-1abd1c70-5480-41c3-b8a2-d90d2bdeff60",
            "is_default": false,
            "name": "address-prefix-2",
            "related_crn": "crn:v1:bluemix:public:is:eu-es:a/9036c2487a7b4d928475d4d1ddc3731b::vpc:r050-95a42ff5-fd31-453c-ba05-216f93c5efdb",
            "vpc": "r050-95a42ff5-fd31-453c-ba05-216f93c5efdb",
            "zone": "eu-es-2"
          },
          "sensitive_attributes": [],
          "private": "bnVsbA==",
          "dependencies": [
            "ibm_is_vpc.vpc",
            "ibm_resource_group.rg"
          ]
        }
      ]
    },
    {
      "mode": "managed",
      "type": "ibm_is_vpc_address_prefix",
      "name": "ip_prefix3",
      "provider": "provider[\"registry.terraform.io/ibm-cloud/ibm\"]",
      "instances": [
        {
          "schema_version": 0,
          "attributes": {
            "address_prefix": "r050-ddc6f857-b09b-4d27-8f36-55f11a2287a7",
            "cidr": "10.243.128.0/24",
            "has_subnets": true,
            "id": "r050-95a42ff5-fd31-453c-ba05-216f93c5efdb/r050-ddc6f857-b09b-4d27-8f36-55f11a2287a7",
            "is_default": false,
            "name": "address-prefix-3",
            "related_crn": "crn:v1:bluemix:public:is:eu-es:a/9036c2487a7b4d928475d4d1ddc3731b::vpc:r050-95a42ff5-fd31-453c-ba05-216f93c5efdb",
            "vpc": "r050-95a42ff5-fd31-453c-ba05-216f93c5efdb",
            "zone": "eu-es-2"
          },
          "sensitive_attributes": [],
          "private": "bnVsbA==",
          "dependencies": [
            "ibm_is_vpc.vpc",
            "ibm_resource_group.rg"
          ]
        }
      ]
    },
    {
      "mode": "managed",
      "type": "ibm_resource_group",
      "name": "rg",
      "provider": "provider[\"registry.terraform.io/ibm-cloud/ibm\"]",
      "instances": [
        {
          "schema_version": 0,
          "attributes": {
            "created_at": "2025-01-29T15:43:19.959Z",
            "crn": "crn:v1:bluemix:public:resource-controller::a/9036c2487a7b4d928475d4d1ddc3731b::resource-group:6ab068e84d3745478a4b11f6cf67534f",
            "default": false,
            "id": "6ab068e84d3745478a4b11f6cf67534f",
            "name": "rg-poc-es",
            "payment_methods_url": null,
            "quota_id": "a3d7b8d01e261c24677937c29ab33f3c",
            "quota_url": "/v2/quota_definitions/a3d7b8d01e261c24677937c29ab33f3c",
            "resource_linkages": [],
            "state": "ACTIVE",
            "tags": null,
            "teams_url": null,
            "timeouts": null,
            "updated_at": "2025-01-29T15:43:19.959Z"
          },
          "sensitive_attributes": [],
          "private": "eyJlMmJmYjczMC1lY2FhLTExZTYtOGY4OC0zNDM2M2JjN2M0YzAiOnsiZGVsZXRlIjoxMjAwMDAwMDAwMDAwfX0="
        }
      ]
    }
  ],
  "check_results": null
}
